// !$*UTF8*$!
{
	archiveVersion = 1;
	classes = {
	};
	objectVersion = 77;
	objects = {

/* Begin PBXBuildFile section */
		A592351F2DF30D2A00744C69 /* UserModels.swift in Sources */ = {isa = PBXBuildFile; fileRef = A592350E2DF30D2A00744C69 /* UserModels.swift */; };
		A59235202DF30D2A00744C69 /* WatchConnectivityManager.swift in Sources */ = {isa = PBXBuildFile; fileRef = A592351D2DF30D2A00744C69 /* WatchConnectivityManager.swift */; };
		A59235212DF30D2A00744C69 /* MessagingModels.swift in Sources */ = {isa = PBXBuildFile; fileRef = A592350A2DF30D2A00744C69 /* MessagingModels.swift */; };
		A59235222DF30D2A00744C69 /* HealthModels.swift in Sources */ = {isa = PBXBuildFile; fileRef = A59235092DF30D2A00744C69 /* HealthModels.swift */; };
		A59235232DF30D2A00744C69 /* HealthManager.swift in Sources */ = {isa = PBXBuildFile; fileRef = A59235162DF30D2A00744C69 /* HealthManager.swift */; };
		A59235242DF30D2A00744C69 /* NotificationService.swift in Sources */ = {isa = PBXBuildFile; fileRef = A59235192DF30D2A00744C69 /* NotificationService.swift */; };
		A59235252DF30D2A00744C69 /* SettingsService.swift in Sources */ = {isa = PBXBuildFile; fileRef = A592351B2DF30D2A00744C69 /* SettingsService.swift */; };
		A59235262DF30D2A00744C69 /* NotificationModels.swift in Sources */ = {isa = PBXBuildFile; fileRef = A592350B2DF30D2A00744C69 /* NotificationModels.swift */; };
		A59235272DF30D2A00744C69 /* SocialModels.swift in Sources */ = {isa = PBXBuildFile; fileRef = A592350D2DF30D2A00744C69 /* SocialModels.swift */; };
		A59235282DF30D2A00744C69 /* WorkoutModels.swift in Sources */ = {isa = PBXBuildFile; fileRef = A592350F2DF30D2A00744C69 /* WorkoutModels.swift */; };
		A59235292DF30D2A00744C69 /* MessagingService.swift in Sources */ = {isa = PBXBuildFile; fileRef = A59235172DF30D2A00744C69 /* MessagingService.swift */; };
		A592352A2DF30D2A00744C69 /* SettingsModels.swift in Sources */ = {isa = PBXBuildFile; fileRef = A592350C2DF30D2A00744C69 /* SettingsModels.swift */; };
		A592352B2DF30D2A00744C69 /* AIFormAnalysisService.swift in Sources */ = {isa = PBXBuildFile; fileRef = A59235122DF30D2A00744C69 /* AIFormAnalysisService.swift */; };
		A592352C2DF30D2A00744C69 /* MLModelManager.swift in Sources */ = {isa = PBXBuildFile; fileRef = A59235182DF30D2A00744C69 /* MLModelManager.swift */; };
		A592352D2DF30D2A00744C69 /* RealTimeMessagingService.swift in Sources */ = {isa = PBXBuildFile; fileRef = A592351A2DF30D2A00744C69 /* RealTimeMessagingService.swift */; };
		A592352E2DF30D2A00744C69 /* WorkoutTypes.swift in Sources */ = {isa = PBXBuildFile; fileRef = A59235102DF30D2A00744C69 /* WorkoutTypes.swift */; };
		A592352F2DF30D2A00744C69 /* APIService.swift in Sources */ = {isa = PBXBuildFile; fileRef = A59235132DF30D2A00744C69 /* APIService.swift */; };
		A59235302DF30D2A00744C69 /* SocialService.swift in Sources */ = {isa = PBXBuildFile; fileRef = A592351C2DF30D2A00744C69 /* SocialService.swift */; };
		A59235312DF30D2A00744C69 /* GamificationManager.swift in Sources */ = {isa = PBXBuildFile; fileRef = A59235142DF30D2A00744C69 /* GamificationManager.swift */; };
		A59235322DF30D2A00744C69 /* HapticFeedbackManager.swift in Sources */ = {isa = PBXBuildFile; fileRef = A59235152DF30D2A00744C69 /* HapticFeedbackManager.swift */; };
		A59235752DF30DD100744C69 /* WorkoutsView.swift in Sources */ = {isa = PBXBuildFile; fileRef = A59235702DF30DD100744C69 /* WorkoutsView.swift */; };
		A59235762DF30DD100744C69 /* InviteMembersViewModel.swift in Sources */ = {isa = PBXBuildFile; fileRef = A592353F2DF30DD100744C69 /* InviteMembersViewModel.swift */; };
		A59235772DF30DD100744C69 /* TrainingSessionViewModel.swift in Sources */ = {isa = PBXBuildFile; fileRef = A59235462DF30DD100744C69 /* TrainingSessionViewModel.swift */; };
		A59235782DF30DD100744C69 /* ProfileViewModel.swift in Sources */ = {isa = PBXBuildFile; fileRef = A59235422DF30DD100744C69 /* ProfileViewModel.swift */; };
		A59235792DF30DD100744C69 /* RouteMapView.swift in Sources */ = {isa = PBXBuildFile; fileRef = A59235642DF30DD100744C69 /* RouteMapView.swift */; };
		A592357A2DF30DD100744C69 /* SocialViewModel.swift in Sources */ = {isa = PBXBuildFile; fileRef = A59235432DF30DD100744C69 /* SocialViewModel.swift */; };
		A592357B2DF30DD100744C69 /* LocationManager.swift in Sources */ = {isa = PBXBuildFile; fileRef = A59235372DF30DD100744C69 /* LocationManager.swift */; };
		A592357C2DF30DD100744C69 /* TeamDetailView.swift in Sources */ = {isa = PBXBuildFile; fileRef = A59235672DF30DD100744C69 /* TeamDetailView.swift */; };
		A592357D2DF30DD100744C69 /* LeaderboardViewModel.swift in Sources */ = {isa = PBXBuildFile; fileRef = A59235402DF30DD100744C69 /* LeaderboardViewModel.swift */; };
		A592357E2DF30DD100744C69 /* HealthDashboardView.swift in Sources */ = {isa = PBXBuildFile; fileRef = A592355A2DF30DD100744C69 /* HealthDashboardView.swift */; };
		A592357F2DF30DD100744C69 /* WorkoutConfigurationViewModel.swift in Sources */ = {isa = PBXBuildFile; fileRef = A59235482DF30DD100744C69 /* WorkoutConfigurationViewModel.swift */; };
		A59235802DF30DD100744C69 /* TrainingPlansView.swift in Sources */ = {isa = PBXBuildFile; fileRef = A592356A2DF30DD100744C69 /* TrainingPlansView.swift */; };
		A59235812DF30DD100744C69 /* AchievementDetailView.swift in Sources */ = {isa = PBXBuildFile; fileRef = A592354F2DF30DD100744C69 /* AchievementDetailView.swift */; };
		A59235822DF30DD100744C69 /* OnboardingViewModel.swift in Sources */ = {isa = PBXBuildFile; fileRef = A59235412DF30DD100744C69 /* OnboardingViewModel.swift */; };
		A59235832DF30DD100744C69 /* TrainingPlansViewModel.swift in Sources */ = {isa = PBXBuildFile; fileRef = A59235452DF30DD100744C69 /* TrainingPlansViewModel.swift */; };
		A59235842DF30DD100744C69 /* WorkoutConfigurationView.swift in Sources */ = {isa = PBXBuildFile; fileRef = A592356D2DF30DD100744C69 /* WorkoutConfigurationView.swift */; };
		A59235852DF30DD100744C69 /* NotificationsView.swift in Sources */ = {isa = PBXBuildFile; fileRef = A59235612DF30DD100744C69 /* NotificationsView.swift */; };
		A59235862DF30DD100744C69 /* DashboardViewModel.swift in Sources */ = {isa = PBXBuildFile; fileRef = A592353E2DF30DD100744C69 /* DashboardViewModel.swift */; };
		A59235872DF30DD100744C69 /* FormAnalysisView.swift in Sources */ = {isa = PBXBuildFile; fileRef = A59235592DF30DD100744C69 /* FormAnalysisView.swift */; };
		A59235882DF30DD100744C69 /* CreateTrainingPlanViewModel.swift in Sources */ = {isa = PBXBuildFile; fileRef = A592353D2DF30DD100744C69 /* CreateTrainingPlanViewModel.swift */; };
		A59235892DF30DD100744C69 /* MainMenuView.swift in Sources */ = {isa = PBXBuildFile; fileRef = A592355F2DF30DD100744C69 /* MainMenuView.swift */; };
		A592358A2DF30DD100744C69 /* LocationSettingsView.swift in Sources */ = {isa = PBXBuildFile; fileRef = A592355E2DF30DD100744C69 /* LocationSettingsView.swift */; };
		A592358B2DF30DD100744C69 /* LeaderboardView.swift in Sources */ = {isa = PBXBuildFile; fileRef = A592355D2DF30DD100744C69 /* LeaderboardView.swift */; };
		A592358C2DF30DD100744C69 /* SettingsView.swift in Sources */ = {isa = PBXBuildFile; fileRef = A59235652DF30DD100744C69 /* SettingsView.swift */; };
		A592358D2DF30DD100744C69 /* WorkoutBuilderViewModel.swift in Sources */ = {isa = PBXBuildFile; fileRef = A59235472DF30DD100744C69 /* WorkoutBuilderViewModel.swift */; };
		A592358E2DF30DD100744C69 /* GPSStatusIndicator.swift in Sources */ = {isa = PBXBuildFile; fileRef = A592354D2DF30DD100744C69 /* GPSStatusIndicator.swift */; };
		A592358F2DF30DD100744C69 /* TeamDetailViewModel.swift in Sources */ = {isa = PBXBuildFile; fileRef = A59235442DF30DD100744C69 /* TeamDetailViewModel.swift */; };
		A59235902DF30DD100744C69 /* WorkoutBuilderView.swift in Sources */ = {isa = PBXBuildFile; fileRef = A592356C2DF30DD100744C69 /* WorkoutBuilderView.swift */; };
		A59235912DF30DD100744C69 /* CloudKitManager.swift in Sources */ = {isa = PBXBuildFile; fileRef = A59235352DF30DD100744C69 /* CloudKitManager.swift */; };
		A59235922DF30DD100744C69 /* WorkoutSummaryView.swift in Sources */ = {isa = PBXBuildFile; fileRef = A592356F2DF30DD100744C69 /* WorkoutSummaryView.swift */; };
		A59235932DF30DD100744C69 /* WorkoutTimelineView.swift in Sources */ = {isa = PBXBuildFile; fileRef = A59235722DF30DD100744C69 /* WorkoutTimelineView.swift */; };
		A59235942DF30DD100744C69 /* TrainingSessionView.swift in Sources */ = {isa = PBXBuildFile; fileRef = A592356B2DF30DD100744C69 /* TrainingSessionView.swift */; };
		A59235952DF30DD100744C69 /* FormAnalysisManager.swift in Sources */ = {isa = PBXBuildFile; fileRef = A59235362DF30DD100744C69 /* FormAnalysisManager.swift */; };
		A59235962DF30DD100744C69 /* AnalyticsView.swift in Sources */ = {isa = PBXBuildFile; fileRef = A59235532DF30DD100744C69 /* AnalyticsView.swift */; };
		A59235972DF30DD100744C69 /* ChallengeParticipantsView.swift in Sources */ = {isa = PBXBuildFile; fileRef = A59235552DF30DD100744C69 /* ChallengeParticipantsView.swift */; };
		A59235982DF30DD100744C69 /* WeatherManager.swift in Sources */ = {isa = PBXBuildFile; fileRef = A59235382DF30DD100744C69 /* WeatherManager.swift */; };
		A59235992DF30DD100744C69 /* TeamSettingsView.swift in Sources */ = {isa = PBXBuildFile; fileRef = A59235682DF30DD100744C69 /* TeamSettingsView.swift */; };
		A592359A2DF30DD100744C69 /* DashboardView.swift in Sources */ = {isa = PBXBuildFile; fileRef = A59235582DF30DD100744C69 /* DashboardView.swift */; };
		A592359B2DF30DD100744C69 /* WorkoutViewModel.swift in Sources */ = {isa = PBXBuildFile; fileRef = A592354B2DF30DD100744C69 /* WorkoutViewModel.swift */; };
		A592359C2DF30DD100744C69 /* WorkoutTemplatesView.swift in Sources */ = {isa = PBXBuildFile; fileRef = A59235712DF30DD100744C69 /* WorkoutTemplatesView.swift */; };
		A592359D2DF30DD100744C69 /* WorkoutsViewModel.swift in Sources */ = {isa = PBXBuildFile; fileRef = A59235492DF30DD100744C69 /* WorkoutsViewModel.swift */; };
		A592359E2DF30DD100744C69 /* ProfileView.swift in Sources */ = {isa = PBXBuildFile; fileRef = A59235632DF30DD100744C69 /* ProfileView.swift */; };
		A592359F2DF30DD100744C69 /* AccessibilityManager.swift in Sources */ = {isa = PBXBuildFile; fileRef = A59235332DF30DD100744C69 /* AccessibilityManager.swift */; };
		A59235A02DF30DD100744C69 /* ChallengeDetailViewModel.swift in Sources */ = {isa = PBXBuildFile; fileRef = A592353C2DF30DD100744C69 /* ChallengeDetailViewModel.swift */; };
		A59235A12DF30DD100744C69 /* AchievementsViewModel.swift in Sources */ = {isa = PBXBuildFile; fileRef = A592353A2DF30DD100744C69 /* AchievementsViewModel.swift */; };
		A59235A22DF30DD100744C69 /* AudioCoachingManager.swift in Sources */ = {isa = PBXBuildFile; fileRef = A59235342DF30DD100744C69 /* AudioCoachingManager.swift */; };
		A59235A32DF30DD100744C69 /* AIFormAnalysisView.swift in Sources */ = {isa = PBXBuildFile; fileRef = A59235522DF30DD100744C69 /* AIFormAnalysisView.swift */; };
		A59235A42DF30DD100744C69 /* AppViewModel.swift in Sources */ = {isa = PBXBuildFile; fileRef = A592353B2DF30DD100744C69 /* AppViewModel.swift */; };
		A59235A52DF30DD100744C69 /* WorkoutTemplatesViewModel.swift in Sources */ = {isa = PBXBuildFile; fileRef = A592354A2DF30DD100744C69 /* WorkoutTemplatesViewModel.swift */; };
		A59235A62DF30DD100744C69 /* MessagingView.swift in Sources */ = {isa = PBXBuildFile; fileRef = A59235602DF30DD100744C69 /* MessagingView.swift */; };
		A59235A72DF30DD100744C69 /* WorkoutPreviewView.swift in Sources */ = {isa = PBXBuildFile; fileRef = A592356E2DF30DD100744C69 /* WorkoutPreviewView.swift */; };
		A59235A82DF30DD100744C69 /* TrainingPlanDetailView.swift in Sources */ = {isa = PBXBuildFile; fileRef = A59235692DF30DD100744C69 /* TrainingPlanDetailView.swift */; };
		A59235A92DF30DD100744C69 /* CreateTrainingPlanView.swift in Sources */ = {isa = PBXBuildFile; fileRef = A59235572DF30DD100744C69 /* CreateTrainingPlanView.swift */; };
		A59235AA2DF30DD100744C69 /* SocialView.swift in Sources */ = {isa = PBXBuildFile; fileRef = A59235662DF30DD100744C69 /* SocialView.swift */; };
		A59235AB2DF30DD100744C69 /* CreateTemplateView.swift in Sources */ = {isa = PBXBuildFile; fileRef = A59235562DF30DD100744C69 /* CreateTemplateView.swift */; };
		A59235AC2DF30DD100744C69 /* WorkoutView.swift in Sources */ = {isa = PBXBuildFile; fileRef = A59235732DF30DD100744C69 /* WorkoutView.swift */; };
		A59235AD2DF30DD100744C69 /* AdvancedSettingsView.swift in Sources */ = {isa = PBXBuildFile; fileRef = A59235512DF30DD100744C69 /* AdvancedSettingsView.swift */; };
		A59235AE2DF30DD100744C69 /* InviteMembersView.swift in Sources */ = {isa = PBXBuildFile; fileRef = A592355C2DF30DD100744C69 /* InviteMembersView.swift */; };
		A59235AF2DF30DD100744C69 /* AchievementsView.swift in Sources */ = {isa = PBXBuildFile; fileRef = A59235502DF30DD100744C69 /* AchievementsView.swift */; };
		A59235B02DF30DD100744C69 /* IntervalEditView.swift in Sources */ = {isa = PBXBuildFile; fileRef = A592355B2DF30DD100744C69 /* IntervalEditView.swift */; };
		A59235B12DF30DD100744C69 /* ChallengeDetailView.swift in Sources */ = {isa = PBXBuildFile; fileRef = A59235542DF30DD100744C69 /* ChallengeDetailView.swift */; };
		A59235B22DF30DD100744C69 /* OnboardingView.swift in Sources */ = {isa = PBXBuildFile; fileRef = A59235622DF30DD100744C69 /* OnboardingView.swift */; };
		A59235B52DF30E3600744C69 /* ContentView.swift in Sources */ = {isa = PBXBuildFile; fileRef = A59235B32DF30E3600744C69 /* ContentView.swift */; };
		A59235B62DF30E3600744C69 /* ShuttlXApp.swift in Sources */ = {isa = PBXBuildFile; fileRef = A59235B42DF30E3600744C69 /* ShuttlXApp.swift */; };
/* End PBXBuildFile section */

/* Begin PBXContainerItemProxy section */
		A59234EC2DF30C8600744C69 /* PBXContainerItemProxy */ = {
			isa = PBXContainerItemProxy;
			containerPortal = A59234D62DF30C8400744C69 /* Project object */;
			proxyType = 1;
			remoteGlobalIDString = A59234DD2DF30C8400744C69;
			remoteInfo = ShuttlX;
		};
		A59234F62DF30C8600744C69 /* PBXContainerItemProxy */ = {
			isa = PBXContainerItemProxy;
			containerPortal = A59234D62DF30C8400744C69 /* Project object */;
			proxyType = 1;
			remoteGlobalIDString = A59234DD2DF30C8400744C69;
			remoteInfo = ShuttlX;
		};
/* End PBXContainerItemProxy section */

/* Begin PBXFileReference section */
		A59234DE2DF30C8400744C69 /* ShuttlX.app */ = {isa = PBXFileReference; explicitFileType = wrapper.application; includeInIndex = 0; path = ShuttlX.app; sourceTree = BUILT_PRODUCTS_DIR; };
		A59234EB2DF30C8600744C69 /* ShuttlXTests.xctest */ = {isa = PBXFileReference; explicitFileType = wrapper.cfbundle; includeInIndex = 0; path = ShuttlXTests.xctest; sourceTree = BUILT_PRODUCTS_DIR; };
		A59234F52DF30C8600744C69 /* ShuttlXUITests.xctest */ = {isa = PBXFileReference; explicitFileType = wrapper.cfbundle; includeInIndex = 0; path = ShuttlXUITests.xctest; sourceTree = BUILT_PRODUCTS_DIR; };
		A59235092DF30D2A00744C69 /* HealthModels.swift */ = {isa = PBXFileReference; lastKnownFileType = sourcecode.swift; path = HealthModels.swift; sourceTree = "<group>"; };
		A592350A2DF30D2A00744C69 /* MessagingModels.swift */ = {isa = PBXFileReference; lastKnownFileType = sourcecode.swift; path = MessagingModels.swift; sourceTree = "<group>"; };
		A592350B2DF30D2A00744C69 /* NotificationModels.swift */ = {isa = PBXFileReference; lastKnownFileType = sourcecode.swift; path = NotificationModels.swift; sourceTree = "<group>"; };
		A592350C2DF30D2A00744C69 /* SettingsModels.swift */ = {isa = PBXFileReference; lastKnownFileType = sourcecode.swift; path = SettingsModels.swift; sourceTree = "<group>"; };
		A592350D2DF30D2A00744C69 /* SocialModels.swift */ = {isa = PBXFileReference; lastKnownFileType = sourcecode.swift; path = SocialModels.swift; sourceTree = "<group>"; };
		A592350E2DF30D2A00744C69 /* UserModels.swift */ = {isa = PBXFileReference; lastKnownFileType = sourcecode.swift; path = UserModels.swift; sourceTree = "<group>"; };
		A592350F2DF30D2A00744C69 /* WorkoutModels.swift */ = {isa = PBXFileReference; lastKnownFileType = sourcecode.swift; path = WorkoutModels.swift; sourceTree = "<group>"; };
		A59235102DF30D2A00744C69 /* WorkoutTypes.swift */ = {isa = PBXFileReference; lastKnownFileType = sourcecode.swift; path = WorkoutTypes.swift; sourceTree = "<group>"; };
		A59235122DF30D2A00744C69 /* AIFormAnalysisService.swift */ = {isa = PBXFileReference; lastKnownFileType = sourcecode.swift; path = AIFormAnalysisService.swift; sourceTree = "<group>"; };
		A59235132DF30D2A00744C69 /* APIService.swift */ = {isa = PBXFileReference; lastKnownFileType = sourcecode.swift; path = APIService.swift; sourceTree = "<group>"; };
		A59235142DF30D2A00744C69 /* GamificationManager.swift */ = {isa = PBXFileReference; lastKnownFileType = sourcecode.swift; path = GamificationManager.swift; sourceTree = "<group>"; };
		A59235152DF30D2A00744C69 /* HapticFeedbackManager.swift */ = {isa = PBXFileReference; lastKnownFileType = sourcecode.swift; path = HapticFeedbackManager.swift; sourceTree = "<group>"; };
		A59235162DF30D2A00744C69 /* HealthManager.swift */ = {isa = PBXFileReference; lastKnownFileType = sourcecode.swift; path = HealthManager.swift; sourceTree = "<group>"; };
		A59235172DF30D2A00744C69 /* MessagingService.swift */ = {isa = PBXFileReference; lastKnownFileType = sourcecode.swift; path = MessagingService.swift; sourceTree = "<group>"; };
		A59235182DF30D2A00744C69 /* MLModelManager.swift */ = {isa = PBXFileReference; lastKnownFileType = sourcecode.swift; path = MLModelManager.swift; sourceTree = "<group>"; };
		A59235192DF30D2A00744C69 /* NotificationService.swift */ = {isa = PBXFileReference; lastKnownFileType = sourcecode.swift; path = NotificationService.swift; sourceTree = "<group>"; };
		A592351A2DF30D2A00744C69 /* RealTimeMessagingService.swift */ = {isa = PBXFileReference; lastKnownFileType = sourcecode.swift; path = RealTimeMessagingService.swift; sourceTree = "<group>"; };
		A592351B2DF30D2A00744C69 /* SettingsService.swift */ = {isa = PBXFileReference; lastKnownFileType = sourcecode.swift; path = SettingsService.swift; sourceTree = "<group>"; };
		A592351C2DF30D2A00744C69 /* SocialService.swift */ = {isa = PBXFileReference; lastKnownFileType = sourcecode.swift; path = SocialService.swift; sourceTree = "<group>"; };
		A592351D2DF30D2A00744C69 /* WatchConnectivityManager.swift */ = {isa = PBXFileReference; lastKnownFileType = sourcecode.swift; path = WatchConnectivityManager.swift; sourceTree = "<group>"; };
		A59235332DF30DD100744C69 /* AccessibilityManager.swift */ = {isa = PBXFileReference; lastKnownFileType = sourcecode.swift; path = AccessibilityManager.swift; sourceTree = "<group>"; };
		A59235342DF30DD100744C69 /* AudioCoachingManager.swift */ = {isa = PBXFileReference; lastKnownFileType = sourcecode.swift; path = AudioCoachingManager.swift; sourceTree = "<group>"; };
		A59235352DF30DD100744C69 /* CloudKitManager.swift */ = {isa = PBXFileReference; lastKnownFileType = sourcecode.swift; path = CloudKitManager.swift; sourceTree = "<group>"; };
		A59235362DF30DD100744C69 /* FormAnalysisManager.swift */ = {isa = PBXFileReference; lastKnownFileType = sourcecode.swift; path = FormAnalysisManager.swift; sourceTree = "<group>"; };
		A59235372DF30DD100744C69 /* LocationManager.swift */ = {isa = PBXFileReference; lastKnownFileType = sourcecode.swift; path = LocationManager.swift; sourceTree = "<group>"; };
		A59235382DF30DD100744C69 /* WeatherManager.swift */ = {isa = PBXFileReference; lastKnownFileType = sourcecode.swift; path = WeatherManager.swift; sourceTree = "<group>"; };
		A592353A2DF30DD100744C69 /* AchievementsViewModel.swift */ = {isa = PBXFileReference; lastKnownFileType = sourcecode.swift; path = AchievementsViewModel.swift; sourceTree = "<group>"; };
		A592353B2DF30DD100744C69 /* AppViewModel.swift */ = {isa = PBXFileReference; lastKnownFileType = sourcecode.swift; path = AppViewModel.swift; sourceTree = "<group>"; };
		A592353C2DF30DD100744C69 /* ChallengeDetailViewModel.swift */ = {isa = PBXFileReference; lastKnownFileType = sourcecode.swift; path = ChallengeDetailViewModel.swift; sourceTree = "<group>"; };
		A592353D2DF30DD100744C69 /* CreateTrainingPlanViewModel.swift */ = {isa = PBXFileReference; lastKnownFileType = sourcecode.swift; path = CreateTrainingPlanViewModel.swift; sourceTree = "<group>"; };
		A592353E2DF30DD100744C69 /* DashboardViewModel.swift */ = {isa = PBXFileReference; lastKnownFileType = sourcecode.swift; path = DashboardViewModel.swift; sourceTree = "<group>"; };
		A592353F2DF30DD100744C69 /* InviteMembersViewModel.swift */ = {isa = PBXFileReference; lastKnownFileType = sourcecode.swift; path = InviteMembersViewModel.swift; sourceTree = "<group>"; };
		A59235402DF30DD100744C69 /* LeaderboardViewModel.swift */ = {isa = PBXFileReference; lastKnownFileType = sourcecode.swift; path = LeaderboardViewModel.swift; sourceTree = "<group>"; };
		A59235412DF30DD100744C69 /* OnboardingViewModel.swift */ = {isa = PBXFileReference; lastKnownFileType = sourcecode.swift; path = OnboardingViewModel.swift; sourceTree = "<group>"; };
		A59235422DF30DD100744C69 /* ProfileViewModel.swift */ = {isa = PBXFileReference; lastKnownFileType = sourcecode.swift; path = ProfileViewModel.swift; sourceTree = "<group>"; };
		A59235432DF30DD100744C69 /* SocialViewModel.swift */ = {isa = PBXFileReference; lastKnownFileType = sourcecode.swift; path = SocialViewModel.swift; sourceTree = "<group>"; };
		A59235442DF30DD100744C69 /* TeamDetailViewModel.swift */ = {isa = PBXFileReference; lastKnownFileType = sourcecode.swift; path = TeamDetailViewModel.swift; sourceTree = "<group>"; };
		A59235452DF30DD100744C69 /* TrainingPlansViewModel.swift */ = {isa = PBXFileReference; lastKnownFileType = sourcecode.swift; path = TrainingPlansViewModel.swift; sourceTree = "<group>"; };
		A59235462DF30DD100744C69 /* TrainingSessionViewModel.swift */ = {isa = PBXFileReference; lastKnownFileType = sourcecode.swift; path = TrainingSessionViewModel.swift; sourceTree = "<group>"; };
		A59235472DF30DD100744C69 /* WorkoutBuilderViewModel.swift */ = {isa = PBXFileReference; lastKnownFileType = sourcecode.swift; path = WorkoutBuilderViewModel.swift; sourceTree = "<group>"; };
		A59235482DF30DD100744C69 /* WorkoutConfigurationViewModel.swift */ = {isa = PBXFileReference; lastKnownFileType = sourcecode.swift; path = WorkoutConfigurationViewModel.swift; sourceTree = "<group>"; };
		A59235492DF30DD100744C69 /* WorkoutsViewModel.swift */ = {isa = PBXFileReference; lastKnownFileType = sourcecode.swift; path = WorkoutsViewModel.swift; sourceTree = "<group>"; };
		A592354A2DF30DD100744C69 /* WorkoutTemplatesViewModel.swift */ = {isa = PBXFileReference; lastKnownFileType = sourcecode.swift; path = WorkoutTemplatesViewModel.swift; sourceTree = "<group>"; };
		A592354B2DF30DD100744C69 /* WorkoutViewModel.swift */ = {isa = PBXFileReference; lastKnownFileType = sourcecode.swift; path = WorkoutViewModel.swift; sourceTree = "<group>"; };
		A592354D2DF30DD100744C69 /* GPSStatusIndicator.swift */ = {isa = PBXFileReference; lastKnownFileType = sourcecode.swift; path = GPSStatusIndicator.swift; sourceTree = "<group>"; };
		A592354F2DF30DD100744C69 /* AchievementDetailView.swift */ = {isa = PBXFileReference; lastKnownFileType = sourcecode.swift; path = AchievementDetailView.swift; sourceTree = "<group>"; };
		A59235502DF30DD100744C69 /* AchievementsView.swift */ = {isa = PBXFileReference; lastKnownFileType = sourcecode.swift; path = AchievementsView.swift; sourceTree = "<group>"; };
		A59235512DF30DD100744C69 /* AdvancedSettingsView.swift */ = {isa = PBXFileReference; lastKnownFileType = sourcecode.swift; path = AdvancedSettingsView.swift; sourceTree = "<group>"; };
		A59235522DF30DD100744C69 /* AIFormAnalysisView.swift */ = {isa = PBXFileReference; lastKnownFileType = sourcecode.swift; path = AIFormAnalysisView.swift; sourceTree = "<group>"; };
		A59235532DF30DD100744C69 /* AnalyticsView.swift */ = {isa = PBXFileReference; lastKnownFileType = sourcecode.swift; path = AnalyticsView.swift; sourceTree = "<group>"; };
		A59235542DF30DD100744C69 /* ChallengeDetailView.swift */ = {isa = PBXFileReference; lastKnownFileType = sourcecode.swift; path = ChallengeDetailView.swift; sourceTree = "<group>"; };
		A59235552DF30DD100744C69 /* ChallengeParticipantsView.swift */ = {isa = PBXFileReference; lastKnownFileType = sourcecode.swift; path = ChallengeParticipantsView.swift; sourceTree = "<group>"; };
		A59235562DF30DD100744C69 /* CreateTemplateView.swift */ = {isa = PBXFileReference; lastKnownFileType = sourcecode.swift; path = CreateTemplateView.swift; sourceTree = "<group>"; };
		A59235572DF30DD100744C69 /* CreateTrainingPlanView.swift */ = {isa = PBXFileReference; lastKnownFileType = sourcecode.swift; path = CreateTrainingPlanView.swift; sourceTree = "<group>"; };
		A59235582DF30DD100744C69 /* DashboardView.swift */ = {isa = PBXFileReference; lastKnownFileType = sourcecode.swift; path = DashboardView.swift; sourceTree = "<group>"; };
		A59235592DF30DD100744C69 /* FormAnalysisView.swift */ = {isa = PBXFileReference; lastKnownFileType = sourcecode.swift; path = FormAnalysisView.swift; sourceTree = "<group>"; };
		A592355A2DF30DD100744C69 /* HealthDashboardView.swift */ = {isa = PBXFileReference; lastKnownFileType = sourcecode.swift; path = HealthDashboardView.swift; sourceTree = "<group>"; };
		A592355B2DF30DD100744C69 /* IntervalEditView.swift */ = {isa = PBXFileReference; lastKnownFileType = sourcecode.swift; path = IntervalEditView.swift; sourceTree = "<group>"; };
		A592355C2DF30DD100744C69 /* InviteMembersView.swift */ = {isa = PBXFileReference; lastKnownFileType = sourcecode.swift; path = InviteMembersView.swift; sourceTree = "<group>"; };
		A592355D2DF30DD100744C69 /* LeaderboardView.swift */ = {isa = PBXFileReference; lastKnownFileType = sourcecode.swift; path = LeaderboardView.swift; sourceTree = "<group>"; };
		A592355E2DF30DD100744C69 /* LocationSettingsView.swift */ = {isa = PBXFileReference; lastKnownFileType = sourcecode.swift; path = LocationSettingsView.swift; sourceTree = "<group>"; };
		A592355F2DF30DD100744C69 /* MainMenuView.swift */ = {isa = PBXFileReference; lastKnownFileType = sourcecode.swift; path = MainMenuView.swift; sourceTree = "<group>"; };
		A59235602DF30DD100744C69 /* MessagingView.swift */ = {isa = PBXFileReference; lastKnownFileType = sourcecode.swift; path = MessagingView.swift; sourceTree = "<group>"; };
		A59235612DF30DD100744C69 /* NotificationsView.swift */ = {isa = PBXFileReference; lastKnownFileType = sourcecode.swift; path = NotificationsView.swift; sourceTree = "<group>"; };
		A59235622DF30DD100744C69 /* OnboardingView.swift */ = {isa = PBXFileReference; lastKnownFileType = sourcecode.swift; path = OnboardingView.swift; sourceTree = "<group>"; };
		A59235632DF30DD100744C69 /* ProfileView.swift */ = {isa = PBXFileReference; lastKnownFileType = sourcecode.swift; path = ProfileView.swift; sourceTree = "<group>"; };
		A59235642DF30DD100744C69 /* RouteMapView.swift */ = {isa = PBXFileReference; lastKnownFileType = sourcecode.swift; path = RouteMapView.swift; sourceTree = "<group>"; };
		A59235652DF30DD100744C69 /* SettingsView.swift */ = {isa = PBXFileReference; lastKnownFileType = sourcecode.swift; path = SettingsView.swift; sourceTree = "<group>"; };
		A59235662DF30DD100744C69 /* SocialView.swift */ = {isa = PBXFileReference; lastKnownFileType = sourcecode.swift; path = SocialView.swift; sourceTree = "<group>"; };
		A59235672DF30DD100744C69 /* TeamDetailView.swift */ = {isa = PBXFileReference; lastKnownFileType = sourcecode.swift; path = TeamDetailView.swift; sourceTree = "<group>"; };
		A59235682DF30DD100744C69 /* TeamSettingsView.swift */ = {isa = PBXFileReference; lastKnownFileType = sourcecode.swift; path = TeamSettingsView.swift; sourceTree = "<group>"; };
		A59235692DF30DD100744C69 /* TrainingPlanDetailView.swift */ = {isa = PBXFileReference; lastKnownFileType = sourcecode.swift; path = TrainingPlanDetailView.swift; sourceTree = "<group>"; };
		A592356A2DF30DD100744C69 /* TrainingPlansView.swift */ = {isa = PBXFileReference; lastKnownFileType = sourcecode.swift; path = TrainingPlansView.swift; sourceTree = "<group>"; };
		A592356B2DF30DD100744C69 /* TrainingSessionView.swift */ = {isa = PBXFileReference; lastKnownFileType = sourcecode.swift; path = TrainingSessionView.swift; sourceTree = "<group>"; };
		A592356C2DF30DD100744C69 /* WorkoutBuilderView.swift */ = {isa = PBXFileReference; lastKnownFileType = sourcecode.swift; path = WorkoutBuilderView.swift; sourceTree = "<group>"; };
		A592356D2DF30DD100744C69 /* WorkoutConfigurationView.swift */ = {isa = PBXFileReference; lastKnownFileType = sourcecode.swift; path = WorkoutConfigurationView.swift; sourceTree = "<group>"; };
		A592356E2DF30DD100744C69 /* WorkoutPreviewView.swift */ = {isa = PBXFileReference; lastKnownFileType = sourcecode.swift; path = WorkoutPreviewView.swift; sourceTree = "<group>"; };
		A592356F2DF30DD100744C69 /* WorkoutSummaryView.swift */ = {isa = PBXFileReference; lastKnownFileType = sourcecode.swift; path = WorkoutSummaryView.swift; sourceTree = "<group>"; };
		A59235702DF30DD100744C69 /* WorkoutsView.swift */ = {isa = PBXFileReference; lastKnownFileType = sourcecode.swift; path = WorkoutsView.swift; sourceTree = "<group>"; };
		A59235712DF30DD100744C69 /* WorkoutTemplatesView.swift */ = {isa = PBXFileReference; lastKnownFileType = sourcecode.swift; path = WorkoutTemplatesView.swift; sourceTree = "<group>"; };
		A59235722DF30DD100744C69 /* WorkoutTimelineView.swift */ = {isa = PBXFileReference; lastKnownFileType = sourcecode.swift; path = WorkoutTimelineView.swift; sourceTree = "<group>"; };
		A59235732DF30DD100744C69 /* WorkoutView.swift */ = {isa = PBXFileReference; lastKnownFileType = sourcecode.swift; path = WorkoutView.swift; sourceTree = "<group>"; };
		A59235B32DF30E3600744C69 /* ContentView.swift */ = {isa = PBXFileReference; lastKnownFileType = sourcecode.swift; path = ContentView.swift; sourceTree = "<group>"; };
		A59235B42DF30E3600744C69 /* ShuttlXApp.swift */ = {isa = PBXFileReference; lastKnownFileType = sourcecode.swift; path = ShuttlXApp.swift; sourceTree = "<group>"; };
/* End PBXFileReference section */

/* Begin PBXFileSystemSynchronizedRootGroup section */
		A59234E02DF30C8400744C69 /* ShuttlX */ = {
			isa = PBXFileSystemSynchronizedRootGroup;
			path = ShuttlX;
			sourceTree = "<group>";
		};
		A59234EE2DF30C8600744C69 /* ShuttlXTests */ = {
			isa = PBXFileSystemSynchronizedRootGroup;
			path = ShuttlXTests;
			sourceTree = "<group>";
		};
		A59234F82DF30C8600744C69 /* ShuttlXUITests */ = {
			isa = PBXFileSystemSynchronizedRootGroup;
			path = ShuttlXUITests;
			sourceTree = "<group>";
		};
/* End PBXFileSystemSynchronizedRootGroup section */

/* Begin PBXFrameworksBuildPhase section */
		A59234DB2DF30C8400744C69 /* Frameworks */ = {
			isa = PBXFrameworksBuildPhase;
			buildActionMask = 2147483647;
			files = (
			);
			runOnlyForDeploymentPostprocessing = 0;
		};
		A59234E82DF30C8600744C69 /* Frameworks */ = {
			isa = PBXFrameworksBuildPhase;
			buildActionMask = 2147483647;
			files = (
			);
			runOnlyForDeploymentPostprocessing = 0;
		};
		A59234F22DF30C8600744C69 /* Frameworks */ = {
			isa = PBXFrameworksBuildPhase;
			buildActionMask = 2147483647;
			files = (
			);
			runOnlyForDeploymentPostprocessing = 0;
		};
/* End PBXFrameworksBuildPhase section */

/* Begin PBXGroup section */
		A59234D52DF30C8400744C69 = {
			isa = PBXGroup;
			children = (
				A59235B32DF30E3600744C69 /* ContentView.swift */,
				A59235B42DF30E3600744C69 /* ShuttlXApp.swift */,
				A59235082DF30D2A00744C69 /* Extensions */,
				A59235112DF30D2A00744C69 /* Models */,
				A592351E2DF30D2A00744C69 /* Services */,
				A59235392DF30DD100744C69 /* Services 2 */,
				A592354C2DF30DD100744C69 /* ViewModels */,
				A59235742DF30DD100744C69 /* Views */,
				A59234E02DF30C8400744C69 /* ShuttlX */,
				A59234EE2DF30C8600744C69 /* ShuttlXTests */,
				A59234F82DF30C8600744C69 /* ShuttlXUITests */,
				A59234DF2DF30C8400744C69 /* Products */,
			);
			sourceTree = "<group>";
		};
		A59234DF2DF30C8400744C69 /* Products */ = {
			isa = PBXGroup;
			children = (
				A59234DE2DF30C8400744C69 /* ShuttlX.app */,
				A59234EB2DF30C8600744C69 /* ShuttlXTests.xctest */,
				A59234F52DF30C8600744C69 /* ShuttlXUITests.xctest */,
			);
			name = Products;
			sourceTree = "<group>";
		};
		A59235082DF30D2A00744C69 /* Extensions */ = {
			isa = PBXGroup;
			children = (
			);
			path = Extensions;
			sourceTree = "<group>";
		};
		A59235112DF30D2A00744C69 /* Models */ = {
			isa = PBXGroup;
			children = (
				A59235092DF30D2A00744C69 /* HealthModels.swift */,
				A592350A2DF30D2A00744C69 /* MessagingModels.swift */,
				A592350B2DF30D2A00744C69 /* NotificationModels.swift */,
				A592350C2DF30D2A00744C69 /* SettingsModels.swift */,
				A592350D2DF30D2A00744C69 /* SocialModels.swift */,
				A592350E2DF30D2A00744C69 /* UserModels.swift */,
				A592350F2DF30D2A00744C69 /* WorkoutModels.swift */,
				A59235102DF30D2A00744C69 /* WorkoutTypes.swift */,
			);
			path = Models;
			sourceTree = "<group>";
		};
		A592351E2DF30D2A00744C69 /* Services */ = {
			isa = PBXGroup;
			children = (
				A59235122DF30D2A00744C69 /* AIFormAnalysisService.swift */,
				A59235132DF30D2A00744C69 /* APIService.swift */,
				A59235142DF30D2A00744C69 /* GamificationManager.swift */,
				A59235152DF30D2A00744C69 /* HapticFeedbackManager.swift */,
				A59235162DF30D2A00744C69 /* HealthManager.swift */,
				A59235172DF30D2A00744C69 /* MessagingService.swift */,
				A59235182DF30D2A00744C69 /* MLModelManager.swift */,
				A59235192DF30D2A00744C69 /* NotificationService.swift */,
				A592351A2DF30D2A00744C69 /* RealTimeMessagingService.swift */,
				A592351B2DF30D2A00744C69 /* SettingsService.swift */,
				A592351C2DF30D2A00744C69 /* SocialService.swift */,
				A592351D2DF30D2A00744C69 /* WatchConnectivityManager.swift */,
			);
			path = Services;
			sourceTree = "<group>";
		};
		A59235392DF30DD100744C69 /* Services 2 */ = {
			isa = PBXGroup;
			children = (
				A59235332DF30DD100744C69 /* AccessibilityManager.swift */,
				A59235342DF30DD100744C69 /* AudioCoachingManager.swift */,
				A59235352DF30DD100744C69 /* CloudKitManager.swift */,
				A59235362DF30DD100744C69 /* FormAnalysisManager.swift */,
				A59235372DF30DD100744C69 /* LocationManager.swift */,
				A59235382DF30DD100744C69 /* WeatherManager.swift */,
			);
			path = "Services 2";
			sourceTree = "<group>";
		};
		A592354C2DF30DD100744C69 /* ViewModels */ = {
			isa = PBXGroup;
			children = (
				A592353A2DF30DD100744C69 /* AchievementsViewModel.swift */,
				A592353B2DF30DD100744C69 /* AppViewModel.swift */,
				A592353C2DF30DD100744C69 /* ChallengeDetailViewModel.swift */,
				A592353D2DF30DD100744C69 /* CreateTrainingPlanViewModel.swift */,
				A592353E2DF30DD100744C69 /* DashboardViewModel.swift */,
				A592353F2DF30DD100744C69 /* InviteMembersViewModel.swift */,
				A59235402DF30DD100744C69 /* LeaderboardViewModel.swift */,
				A59235412DF30DD100744C69 /* OnboardingViewModel.swift */,
				A59235422DF30DD100744C69 /* ProfileViewModel.swift */,
				A59235432DF30DD100744C69 /* SocialViewModel.swift */,
				A59235442DF30DD100744C69 /* TeamDetailViewModel.swift */,
				A59235452DF30DD100744C69 /* TrainingPlansViewModel.swift */,
				A59235462DF30DD100744C69 /* TrainingSessionViewModel.swift */,
				A59235472DF30DD100744C69 /* WorkoutBuilderViewModel.swift */,
				A59235482DF30DD100744C69 /* WorkoutConfigurationViewModel.swift */,
				A59235492DF30DD100744C69 /* WorkoutsViewModel.swift */,
				A592354A2DF30DD100744C69 /* WorkoutTemplatesViewModel.swift */,
				A592354B2DF30DD100744C69 /* WorkoutViewModel.swift */,
			);
			path = ViewModels;
			sourceTree = "<group>";
		};
		A592354E2DF30DD100744C69 /* Components */ = {
			isa = PBXGroup;
			children = (
				A592354D2DF30DD100744C69 /* GPSStatusIndicator.swift */,
			);
			path = Components;
			sourceTree = "<group>";
		};
		A59235742DF30DD100744C69 /* Views */ = {
			isa = PBXGroup;
			children = (
				A592354E2DF30DD100744C69 /* Components */,
				A592354F2DF30DD100744C69 /* AchievementDetailView.swift */,
				A59235502DF30DD100744C69 /* AchievementsView.swift */,
				A59235512DF30DD100744C69 /* AdvancedSettingsView.swift */,
				A59235522DF30DD100744C69 /* AIFormAnalysisView.swift */,
				A59235532DF30DD100744C69 /* AnalyticsView.swift */,
				A59235542DF30DD100744C69 /* ChallengeDetailView.swift */,
				A59235552DF30DD100744C69 /* ChallengeParticipantsView.swift */,
				A59235562DF30DD100744C69 /* CreateTemplateView.swift */,
				A59235572DF30DD100744C69 /* CreateTrainingPlanView.swift */,
				A59235582DF30DD100744C69 /* DashboardView.swift */,
				A59235592DF30DD100744C69 /* FormAnalysisView.swift */,
				A592355A2DF30DD100744C69 /* HealthDashboardView.swift */,
				A592355B2DF30DD100744C69 /* IntervalEditView.swift */,
				A592355C2DF30DD100744C69 /* InviteMembersView.swift */,
				A592355D2DF30DD100744C69 /* LeaderboardView.swift */,
				A592355E2DF30DD100744C69 /* LocationSettingsView.swift */,
				A592355F2DF30DD100744C69 /* MainMenuView.swift */,
				A59235602DF30DD100744C69 /* MessagingView.swift */,
				A59235612DF30DD100744C69 /* NotificationsView.swift */,
				A59235622DF30DD100744C69 /* OnboardingView.swift */,
				A59235632DF30DD100744C69 /* ProfileView.swift */,
				A59235642DF30DD100744C69 /* RouteMapView.swift */,
				A59235652DF30DD100744C69 /* SettingsView.swift */,
				A59235662DF30DD100744C69 /* SocialView.swift */,
				A59235672DF30DD100744C69 /* TeamDetailView.swift */,
				A59235682DF30DD100744C69 /* TeamSettingsView.swift */,
				A59235692DF30DD100744C69 /* TrainingPlanDetailView.swift */,
				A592356A2DF30DD100744C69 /* TrainingPlansView.swift */,
				A592356B2DF30DD100744C69 /* TrainingSessionView.swift */,
				A592356C2DF30DD100744C69 /* WorkoutBuilderView.swift */,
				A592356D2DF30DD100744C69 /* WorkoutConfigurationView.swift */,
				A592356E2DF30DD100744C69 /* WorkoutPreviewView.swift */,
				A592356F2DF30DD100744C69 /* WorkoutSummaryView.swift */,
				A59235702DF30DD100744C69 /* WorkoutsView.swift */,
				A59235712DF30DD100744C69 /* WorkoutTemplatesView.swift */,
				A59235722DF30DD100744C69 /* WorkoutTimelineView.swift */,
				A59235732DF30DD100744C69 /* WorkoutView.swift */,
			);
			path = Views;
			sourceTree = "<group>";
		};
/* End PBXGroup section */

/* Begin PBXNativeTarget section */
		A59234DD2DF30C8400744C69 /* ShuttlX */ = {
			isa = PBXNativeTarget;
			buildConfigurationList = A59234FF2DF30C8600744C69 /* Build configuration list for PBXNativeTarget "ShuttlX" */;
			buildPhases = (
				A59234DA2DF30C8400744C69 /* Sources */,
				A59234DB2DF30C8400744C69 /* Frameworks */,
				A59234DC2DF30C8400744C69 /* Resources */,
			);
			buildRules = (
			);
			dependencies = (
			);
			fileSystemSynchronizedGroups = (
				A59234E02DF30C8400744C69 /* ShuttlX */,
			);
			name = ShuttlX;
			packageProductDependencies = (
			);
			productName = ShuttlX;
			productReference = A59234DE2DF30C8400744C69 /* ShuttlX.app */;
			productType = "com.apple.product-type.application";
		};
		A59234EA2DF30C8600744C69 /* ShuttlXTests */ = {
			isa = PBXNativeTarget;
			buildConfigurationList = A59235022DF30C8600744C69 /* Build configuration list for PBXNativeTarget "ShuttlXTests" */;
			buildPhases = (
				A59234E72DF30C8600744C69 /* Sources */,
				A59234E82DF30C8600744C69 /* Frameworks */,
				A59234E92DF30C8600744C69 /* Resources */,
			);
			buildRules = (
			);
			dependencies = (
				A59234ED2DF30C8600744C69 /* PBXTargetDependency */,
			);
			fileSystemSynchronizedGroups = (
				A59234EE2DF30C8600744C69 /* ShuttlXTests */,
			);
			name = ShuttlXTests;
			packageProductDependencies = (
			);
			productName = ShuttlXTests;
			productReference = A59234EB2DF30C8600744C69 /* ShuttlXTests.xctest */;
			productType = "com.apple.product-type.bundle.unit-test";
		};
		A59234F42DF30C8600744C69 /* ShuttlXUITests */ = {
			isa = PBXNativeTarget;
			buildConfigurationList = A59235052DF30C8600744C69 /* Build configuration list for PBXNativeTarget "ShuttlXUITests" */;
			buildPhases = (
				A59234F12DF30C8600744C69 /* Sources */,
				A59234F22DF30C8600744C69 /* Frameworks */,
				A59234F32DF30C8600744C69 /* Resources */,
			);
			buildRules = (
			);
			dependencies = (
				A59234F72DF30C8600744C69 /* PBXTargetDependency */,
			);
			fileSystemSynchronizedGroups = (
				A59234F82DF30C8600744C69 /* ShuttlXUITests */,
			);
			name = ShuttlXUITests;
			packageProductDependencies = (
			);
			productName = ShuttlXUITests;
			productReference = A59234F52DF30C8600744C69 /* ShuttlXUITests.xctest */;
			productType = "com.apple.product-type.bundle.ui-testing";
		};
/* End PBXNativeTarget section */

/* Begin PBXProject section */
		A59234D62DF30C8400744C69 /* Project object */ = {
			isa = PBXProject;
			attributes = {
				BuildIndependentTargetsInParallel = 1;
				LastSwiftUpdateCheck = 1640;
				LastUpgradeCheck = 1640;
				TargetAttributes = {
					A59234DD2DF30C8400744C69 = {
						CreatedOnToolsVersion = 16.4;
					};
					A59234EA2DF30C8600744C69 = {
						CreatedOnToolsVersion = 16.4;
						TestTargetID = A59234DD2DF30C8400744C69;
					};
					A59234F42DF30C8600744C69 = {
						CreatedOnToolsVersion = 16.4;
						TestTargetID = A59234DD2DF30C8400744C69;
					};
				};
			};
			buildConfigurationList = A59234D92DF30C8400744C69 /* Build configuration list for PBXProject "ShuttlX" */;
			developmentRegion = en;
			hasScannedForEncodings = 0;
			knownRegions = (
				en,
				Base,
			);
			mainGroup = A59234D52DF30C8400744C69;
			minimizedProjectReferenceProxies = 1;
			preferredProjectObjectVersion = 77;
			productRefGroup = A59234DF2DF30C8400744C69 /* Products */;
			projectDirPath = "";
			projectRoot = "";
			targets = (
				A59234DD2DF30C8400744C69 /* ShuttlX */,
				A59234EA2DF30C8600744C69 /* ShuttlXTests */,
				A59234F42DF30C8600744C69 /* ShuttlXUITests */,
			);
		};
/* End PBXProject section */

/* Begin PBXResourcesBuildPhase section */
		A59234DC2DF30C8400744C69 /* Resources */ = {
			isa = PBXResourcesBuildPhase;
			buildActionMask = 2147483647;
			files = (
			);
			runOnlyForDeploymentPostprocessing = 0;
		};
		A59234E92DF30C8600744C69 /* Resources */ = {
			isa = PBXResourcesBuildPhase;
			buildActionMask = 2147483647;
			files = (
			);
			runOnlyForDeploymentPostprocessing = 0;
		};
		A59234F32DF30C8600744C69 /* Resources */ = {
			isa = PBXResourcesBuildPhase;
			buildActionMask = 2147483647;
			files = (
			);
			runOnlyForDeploymentPostprocessing = 0;
		};
/* End PBXResourcesBuildPhase section */

/* Begin PBXSourcesBuildPhase section */
		A59234DA2DF30C8400744C69 /* Sources */ = {
			isa = PBXSourcesBuildPhase;
			buildActionMask = 2147483647;
			files = (
				A592351F2DF30D2A00744C69 /* UserModels.swift in Sources */,
				A59235202DF30D2A00744C69 /* WatchConnectivityManager.swift in Sources */,
				A59235212DF30D2A00744C69 /* MessagingModels.swift in Sources */,
				A59235222DF30D2A00744C69 /* HealthModels.swift in Sources */,
				A59235232DF30D2A00744C69 /* HealthManager.swift in Sources */,
				A59235242DF30D2A00744C69 /* NotificationService.swift in Sources */,
				A59235252DF30D2A00744C69 /* SettingsService.swift in Sources */,
				A59235262DF30D2A00744C69 /* NotificationModels.swift in Sources */,
				A59235272DF30D2A00744C69 /* SocialModels.swift in Sources */,
				A59235752DF30DD100744C69 /* WorkoutsView.swift in Sources */,
				A59235762DF30DD100744C69 /* InviteMembersViewModel.swift in Sources */,
				A59235772DF30DD100744C69 /* TrainingSessionViewModel.swift in Sources */,
				A59235782DF30DD100744C69 /* ProfileViewModel.swift in Sources */,
				A59235792DF30DD100744C69 /* RouteMapView.swift in Sources */,
				A592357A2DF30DD100744C69 /* SocialViewModel.swift in Sources */,
				A592357B2DF30DD100744C69 /* LocationManager.swift in Sources */,
				A59235B52DF30E3600744C69 /* ContentView.swift in Sources */,
				A59235B62DF30E3600744C69 /* ShuttlXApp.swift in Sources */,
				A592357C2DF30DD100744C69 /* TeamDetailView.swift in Sources */,
				A592357D2DF30DD100744C69 /* LeaderboardViewModel.swift in Sources */,
				A592357E2DF30DD100744C69 /* HealthDashboardView.swift in Sources */,
				A592357F2DF30DD100744C69 /* WorkoutConfigurationViewModel.swift in Sources */,
				A59235802DF30DD100744C69 /* TrainingPlansView.swift in Sources */,
				A59235812DF30DD100744C69 /* AchievementDetailView.swift in Sources */,
				A59235822DF30DD100744C69 /* OnboardingViewModel.swift in Sources */,
				A59235832DF30DD100744C69 /* TrainingPlansViewModel.swift in Sources */,
				A59235842DF30DD100744C69 /* WorkoutConfigurationView.swift in Sources */,
				A59235852DF30DD100744C69 /* NotificationsView.swift in Sources */,
				A59235862DF30DD100744C69 /* DashboardViewModel.swift in Sources */,
				A59235872DF30DD100744C69 /* FormAnalysisView.swift in Sources */,
				A59235882DF30DD100744C69 /* CreateTrainingPlanViewModel.swift in Sources */,
				A59235892DF30DD100744C69 /* MainMenuView.swift in Sources */,
				A592358A2DF30DD100744C69 /* LocationSettingsView.swift in Sources */,
				A592358B2DF30DD100744C69 /* LeaderboardView.swift in Sources */,
				A592358C2DF30DD100744C69 /* SettingsView.swift in Sources */,
				A592358D2DF30DD100744C69 /* WorkoutBuilderViewModel.swift in Sources */,
				A592358E2DF30DD100744C69 /* GPSStatusIndicator.swift in Sources */,
				A592358F2DF30DD100744C69 /* TeamDetailViewModel.swift in Sources */,
				A59235902DF30DD100744C69 /* WorkoutBuilderView.swift in Sources */,
				A59235912DF30DD100744C69 /* CloudKitManager.swift in Sources */,
				A59235922DF30DD100744C69 /* WorkoutSummaryView.swift in Sources */,
				A59235932DF30DD100744C69 /* WorkoutTimelineView.swift in Sources */,
				A59235942DF30DD100744C69 /* TrainingSessionView.swift in Sources */,
				A59235952DF30DD100744C69 /* FormAnalysisManager.swift in Sources */,
				A59235962DF30DD100744C69 /* AnalyticsView.swift in Sources */,
				A59235972DF30DD100744C69 /* ChallengeParticipantsView.swift in Sources */,
				A59235982DF30DD100744C69 /* WeatherManager.swift in Sources */,
				A59235992DF30DD100744C69 /* TeamSettingsView.swift in Sources */,
				A592359A2DF30DD100744C69 /* DashboardView.swift in Sources */,
				A592359B2DF30DD100744C69 /* WorkoutViewModel.swift in Sources */,
				A592359C2DF30DD100744C69 /* WorkoutTemplatesView.swift in Sources */,
				A592359D2DF30DD100744C69 /* WorkoutsViewModel.swift in Sources */,
				A592359E2DF30DD100744C69 /* ProfileView.swift in Sources */,
				A592359F2DF30DD100744C69 /* AccessibilityManager.swift in Sources */,
				A59235A02DF30DD100744C69 /* ChallengeDetailViewModel.swift in Sources */,
				A59235A12DF30DD100744C69 /* AchievementsViewModel.swift in Sources */,
				A59235A22DF30DD100744C69 /* AudioCoachingManager.swift in Sources */,
				A59235A32DF30DD100744C69 /* AIFormAnalysisView.swift in Sources */,
				A59235A42DF30DD100744C69 /* AppViewModel.swift in Sources */,
				A59235A52DF30DD100744C69 /* WorkoutTemplatesViewModel.swift in Sources */,
				A59235A62DF30DD100744C69 /* MessagingView.swift in Sources */,
				A59235A72DF30DD100744C69 /* WorkoutPreviewView.swift in Sources */,
				A59235A82DF30DD100744C69 /* TrainingPlanDetailView.swift in Sources */,
				A59235A92DF30DD100744C69 /* CreateTrainingPlanView.swift in Sources */,
				A59235AA2DF30DD100744C69 /* SocialView.swift in Sources */,
				A59235AB2DF30DD100744C69 /* CreateTemplateView.swift in Sources */,
				A59235AC2DF30DD100744C69 /* WorkoutView.swift in Sources */,
				A59235AD2DF30DD100744C69 /* AdvancedSettingsView.swift in Sources */,
				A59235AE2DF30DD100744C69 /* InviteMembersView.swift in Sources */,
				A59235AF2DF30DD100744C69 /* AchievementsView.swift in Sources */,
				A59235B02DF30DD100744C69 /* IntervalEditView.swift in Sources */,
				A59235B12DF30DD100744C69 /* ChallengeDetailView.swift in Sources */,
				A59235B22DF30DD100744C69 /* OnboardingView.swift in Sources */,
				A59235282DF30D2A00744C69 /* WorkoutModels.swift in Sources */,
				A59235292DF30D2A00744C69 /* MessagingService.swift in Sources */,
				A592352A2DF30D2A00744C69 /* SettingsModels.swift in Sources */,
				A592352B2DF30D2A00744C69 /* AIFormAnalysisService.swift in Sources */,
				A592352C2DF30D2A00744C69 /* MLModelManager.swift in Sources */,
				A592352D2DF30D2A00744C69 /* RealTimeMessagingService.swift in Sources */,
				A592352E2DF30D2A00744C69 /* WorkoutTypes.swift in Sources */,
				A592352F2DF30D2A00744C69 /* APIService.swift in Sources */,
				A59235302DF30D2A00744C69 /* SocialService.swift in Sources */,
				A59235312DF30D2A00744C69 /* GamificationManager.swift in Sources */,
				A59235322DF30D2A00744C69 /* HapticFeedbackManager.swift in Sources */,
			);
			runOnlyForDeploymentPostprocessing = 0;
		};
		A59234E72DF30C8600744C69 /* Sources */ = {
			isa = PBXSourcesBuildPhase;
			buildActionMask = 2147483647;
			files = (
			);
			runOnlyForDeploymentPostprocessing = 0;
		};
		A59234F12DF30C8600744C69 /* Sources */ = {
			isa = PBXSourcesBuildPhase;
			buildActionMask = 2147483647;
			files = (
			);
			runOnlyForDeploymentPostprocessing = 0;
		};
/* End PBXSourcesBuildPhase section */

/* Begin PBXTargetDependency section */
		A59234ED2DF30C8600744C69 /* PBXTargetDependency */ = {
			isa = PBXTargetDependency;
			target = A59234DD2DF30C8400744C69 /* ShuttlX */;
			targetProxy = A59234EC2DF30C8600744C69 /* PBXContainerItemProxy */;
		};
		A59234F72DF30C8600744C69 /* PBXTargetDependency */ = {
			isa = PBXTargetDependency;
			target = A59234DD2DF30C8400744C69 /* ShuttlX */;
			targetProxy = A59234F62DF30C8600744C69 /* PBXContainerItemProxy */;
		};
/* End PBXTargetDependency section */

/* Begin XCBuildConfiguration section */
		A59234FD2DF30C8600744C69 /* Debug */ = {
			isa = XCBuildConfiguration;
			buildSettings = {
				ALWAYS_SEARCH_USER_PATHS = NO;
				ASSETCATALOG_COMPILER_GENERATE_SWIFT_ASSET_SYMBOL_EXTENSIONS = YES;
				CLANG_ANALYZER_NONNULL = YES;
				CLANG_ANALYZER_NUMBER_OBJECT_CONVERSION = YES_AGGRESSIVE;
				CLANG_CXX_LANGUAGE_STANDARD = "gnu++20";
				CLANG_ENABLE_MODULES = YES;
				CLANG_ENABLE_OBJC_ARC = YES;
				CLANG_ENABLE_OBJC_WEAK = YES;
				CLANG_WARN_BLOCK_CAPTURE_AUTORELEASING = YES;
				CLANG_WARN_BOOL_CONVERSION = YES;
				CLANG_WARN_COMMA = YES;
				CLANG_WARN_CONSTANT_CONVERSION = YES;
				CLANG_WARN_DEPRECATED_OBJC_IMPLEMENTATIONS = YES;
				CLANG_WARN_DIRECT_OBJC_ISA_USAGE = YES_ERROR;
				CLANG_WARN_DOCUMENTATION_COMMENTS = YES;
				CLANG_WARN_EMPTY_BODY = YES;
				CLANG_WARN_ENUM_CONVERSION = YES;
				CLANG_WARN_INFINITE_RECURSION = YES;
				CLANG_WARN_INT_CONVERSION = YES;
				CLANG_WARN_NON_LITERAL_NULL_CONVERSION = YES;
				CLANG_WARN_OBJC_IMPLICIT_RETAIN_SELF = YES;
				CLANG_WARN_OBJC_LITERAL_CONVERSION = YES;
				CLANG_WARN_OBJC_ROOT_CLASS = YES_ERROR;
				CLANG_WARN_QUOTED_INCLUDE_IN_FRAMEWORK_HEADER = YES;
				CLANG_WARN_RANGE_LOOP_ANALYSIS = YES;
				CLANG_WARN_STRICT_PROTOTYPES = YES;
				CLANG_WARN_SUSPICIOUS_MOVE = YES;
				CLANG_WARN_UNGUARDED_AVAILABILITY = YES_AGGRESSIVE;
				CLANG_WARN_UNREACHABLE_CODE = YES;
				CLANG_WARN__DUPLICATE_METHOD_MATCH = YES;
				COPY_PHASE_STRIP = NO;
				DEBUG_INFORMATION_FORMAT = dwarf;
				DEVELOPMENT_TEAM = 83HPSY452Y;
				ENABLE_STRICT_OBJC_MSGSEND = YES;
				ENABLE_TESTABILITY = YES;
				ENABLE_USER_SCRIPT_SANDBOXING = YES;
				GCC_C_LANGUAGE_STANDARD = gnu17;
				GCC_DYNAMIC_NO_PIC = NO;
				GCC_NO_COMMON_BLOCKS = YES;
				GCC_OPTIMIZATION_LEVEL = 0;
				GCC_PREPROCESSOR_DEFINITIONS = (
					"DEBUG=1",
					"$(inherited)",
				);
				GCC_WARN_64_TO_32_BIT_CONVERSION = YES;
				GCC_WARN_ABOUT_RETURN_TYPE = YES_ERROR;
				GCC_WARN_UNDECLARED_SELECTOR = YES;
				GCC_WARN_UNINITIALIZED_AUTOS = YES_AGGRESSIVE;
				GCC_WARN_UNUSED_FUNCTION = YES;
				GCC_WARN_UNUSED_VARIABLE = YES;
				IPHONEOS_DEPLOYMENT_TARGET = 18.5;
				LOCALIZATION_PREFERS_STRING_CATALOGS = YES;
				MTL_ENABLE_DEBUG_INFO = INCLUDE_SOURCE;
				MTL_FAST_MATH = YES;
				ONLY_ACTIVE_ARCH = YES;
				SDKROOT = iphoneos;
				SWIFT_ACTIVE_COMPILATION_CONDITIONS = "DEBUG $(inherited)";
				SWIFT_OPTIMIZATION_LEVEL = "-Onone";
				SWIFT_VERSION = 5.0;
			};
			name = Debug;
		};
		A59234FE2DF30C8600744C69 /* Release */ = {
			isa = XCBuildConfiguration;
			buildSettings = {
				ALWAYS_SEARCH_USER_PATHS = NO;
				ASSETCATALOG_COMPILER_GENERATE_SWIFT_ASSET_SYMBOL_EXTENSIONS = YES;
				CLANG_ANALYZER_NONNULL = YES;
				CLANG_ANALYZER_NUMBER_OBJECT_CONVERSION = YES_AGGRESSIVE;
				CLANG_CXX_LANGUAGE_STANDARD = "gnu++20";
				CLANG_ENABLE_MODULES = YES;
				CLANG_ENABLE_OBJC_ARC = YES;
				CLANG_ENABLE_OBJC_WEAK = YES;
				CLANG_WARN_BLOCK_CAPTURE_AUTORELEASING = YES;
				CLANG_WARN_BOOL_CONVERSION = YES;
				CLANG_WARN_COMMA = YES;
				CLANG_WARN_CONSTANT_CONVERSION = YES;
				CLANG_WARN_DEPRECATED_OBJC_IMPLEMENTATIONS = YES;
				CLANG_WARN_DIRECT_OBJC_ISA_USAGE = YES_ERROR;
				CLANG_WARN_DOCUMENTATION_COMMENTS = YES;
				CLANG_WARN_EMPTY_BODY = YES;
				CLANG_WARN_ENUM_CONVERSION = YES;
				CLANG_WARN_INFINITE_RECURSION = YES;
				CLANG_WARN_INT_CONVERSION = YES;
				CLANG_WARN_NON_LITERAL_NULL_CONVERSION = YES;
				CLANG_WARN_OBJC_IMPLICIT_RETAIN_SELF = YES;
				CLANG_WARN_OBJC_LITERAL_CONVERSION = YES;
				CLANG_WARN_OBJC_ROOT_CLASS = YES_ERROR;
				CLANG_WARN_QUOTED_INCLUDE_IN_FRAMEWORK_HEADER = YES;
				CLANG_WARN_RANGE_LOOP_ANALYSIS = YES;
				CLANG_WARN_STRICT_PROTOTYPES = YES;
				CLANG_WARN_SUSPICIOUS_MOVE = YES;
				CLANG_WARN_UNGUARDED_AVAILABILITY = YES_AGGRESSIVE;
				CLANG_WARN_UNREACHABLE_CODE = YES;
				CLANG_WARN__DUPLICATE_METHOD_MATCH = YES;
				COPY_PHASE_STRIP = NO;
				DEBUG_INFORMATION_FORMAT = "dwarf-with-dsym";
				DEVELOPMENT_TEAM = 83HPSY452Y;
				ENABLE_NS_ASSERTIONS = NO;
				ENABLE_STRICT_OBJC_MSGSEND = YES;
				ENABLE_USER_SCRIPT_SANDBOXING = YES;
				GCC_C_LANGUAGE_STANDARD = gnu17;
				GCC_NO_COMMON_BLOCKS = YES;
				GCC_WARN_64_TO_32_BIT_CONVERSION = YES;
				GCC_WARN_ABOUT_RETURN_TYPE = YES_ERROR;
				GCC_WARN_UNDECLARED_SELECTOR = YES;
				GCC_WARN_UNINITIALIZED_AUTOS = YES_AGGRESSIVE;
				GCC_WARN_UNUSED_FUNCTION = YES;
				GCC_WARN_UNUSED_VARIABLE = YES;
				IPHONEOS_DEPLOYMENT_TARGET = 18.5;
				LOCALIZATION_PREFERS_STRING_CATALOGS = YES;
				MTL_ENABLE_DEBUG_INFO = NO;
				MTL_FAST_MATH = YES;
				SDKROOT = iphoneos;
				SWIFT_COMPILATION_MODE = wholemodule;
				SWIFT_VERSION = 5.0;
				VALIDATE_PRODUCT = YES;
			};
			name = Release;
		};
		A59235002DF30C8600744C69 /* Debug */ = {
			isa = XCBuildConfiguration;
			buildSettings = {
				ASSETCATALOG_COMPILER_APPICON_NAME = AppIcon;
				ASSETCATALOG_COMPILER_GLOBAL_ACCENT_COLOR_NAME = AccentColor;
				CODE_SIGN_STYLE = Automatic;
				CURRENT_PROJECT_VERSION = 1;
				DEVELOPMENT_TEAM = 83HPSY452Y;
				ENABLE_PREVIEWS = YES;
				GENERATE_INFOPLIST_FILE = YES;
				INFOPLIST_KEY_UIApplicationSceneManifest_Generation = YES;
				INFOPLIST_KEY_UIApplicationSupportsIndirectInputEvents = YES;
				INFOPLIST_KEY_UILaunchScreen_Generation = YES;
				INFOPLIST_KEY_UISupportedInterfaceOrientations_iPad = "UIInterfaceOrientationPortrait UIInterfaceOrientationPortraitUpsideDown UIInterfaceOrientationLandscapeLeft UIInterfaceOrientationLandscapeRight";
				INFOPLIST_KEY_UISupportedInterfaceOrientations_iPhone = "UIInterfaceOrientationPortrait UIInterfaceOrientationLandscapeLeft UIInterfaceOrientationLandscapeRight";
				LD_RUNPATH_SEARCH_PATHS = (
					"$(inherited)",
					"@executable_path/Frameworks",
				);
				MARKETING_VERSION = 1.0;
				PRODUCT_BUNDLE_IDENTIFIER = ShuttlX.ShuttlX;
				PRODUCT_NAME = "$(TARGET_NAME)";
				SUPPORTED_PLATFORMS = "iphoneos iphonesimulator";
				SUPPORTS_MACCATALYST = NO;
				SUPPORTS_MAC_DESIGNED_FOR_IPHONE_IPAD = NO;
				SUPPORTS_XR_DESIGNED_FOR_IPHONE_IPAD = NO;
				SWIFT_EMIT_LOC_STRINGS = YES;
				SWIFT_VERSION = 5.0;
				TARGETED_DEVICE_FAMILY = 1;
			};
			name = Debug;
		};
		A59235012DF30C8600744C69 /* Release */ = {
			isa = XCBuildConfiguration;
			buildSettings = {
				ASSETCATALOG_COMPILER_APPICON_NAME = AppIcon;
				ASSETCATALOG_COMPILER_GLOBAL_ACCENT_COLOR_NAME = AccentColor;
				CODE_SIGN_STYLE = Automatic;
				CURRENT_PROJECT_VERSION = 1;
				DEVELOPMENT_TEAM = 83HPSY452Y;
				ENABLE_PREVIEWS = YES;
				GENERATE_INFOPLIST_FILE = YES;
				INFOPLIST_KEY_UIApplicationSceneManifest_Generation = YES;
				INFOPLIST_KEY_UIApplicationSupportsIndirectInputEvents = YES;
				INFOPLIST_KEY_UILaunchScreen_Generation = YES;
				INFOPLIST_KEY_UISupportedInterfaceOrientations_iPad = "UIInterfaceOrientationPortrait UIInterfaceOrientationPortraitUpsideDown UIInterfaceOrientationLandscapeLeft UIInterfaceOrientationLandscapeRight";
				INFOPLIST_KEY_UISupportedInterfaceOrientations_iPhone = "UIInterfaceOrientationPortrait UIInterfaceOrientationLandscapeLeft UIInterfaceOrientationLandscapeRight";
				LD_RUNPATH_SEARCH_PATHS = (
					"$(inherited)",
					"@executable_path/Frameworks",
				);
				MARKETING_VERSION = 1.0;
				PRODUCT_BUNDLE_IDENTIFIER = ShuttlX.ShuttlX;
				PRODUCT_NAME = "$(TARGET_NAME)";
				SUPPORTED_PLATFORMS = "iphoneos iphonesimulator";
				SUPPORTS_MACCATALYST = NO;
				SUPPORTS_MAC_DESIGNED_FOR_IPHONE_IPAD = NO;
				SUPPORTS_XR_DESIGNED_FOR_IPHONE_IPAD = NO;
				SWIFT_EMIT_LOC_STRINGS = YES;
				SWIFT_VERSION = 5.0;
				TARGETED_DEVICE_FAMILY = 1;
			};
			name = Release;
		};
		A59235032DF30C8600744C69 /* Debug */ = {
			isa = XCBuildConfiguration;
			buildSettings = {
				BUNDLE_LOADER = "$(TEST_HOST)";
				CODE_SIGN_STYLE = Automatic;
				CURRENT_PROJECT_VERSION = 1;
				DEVELOPMENT_TEAM = 83HPSY452Y;
				GENERATE_INFOPLIST_FILE = YES;
				IPHONEOS_DEPLOYMENT_TARGET = 18.5;
				MARKETING_VERSION = 1.0;
				PRODUCT_BUNDLE_IDENTIFIER = ShuttlX.ShuttlXTests;
				PRODUCT_NAME = "$(TARGET_NAME)";
				SWIFT_EMIT_LOC_STRINGS = NO;
				SWIFT_VERSION = 5.0;
				TARGETED_DEVICE_FAMILY = "1,2";
				TEST_HOST = "$(BUILT_PRODUCTS_DIR)/ShuttlX.app/$(BUNDLE_EXECUTABLE_FOLDER_PATH)/ShuttlX";
			};
			name = Debug;
		};
		A59235042DF30C8600744C69 /* Release */ = {
			isa = XCBuildConfiguration;
			buildSettings = {
				BUNDLE_LOADER = "$(TEST_HOST)";
				CODE_SIGN_STYLE = Automatic;
				CURRENT_PROJECT_VERSION = 1;
				DEVELOPMENT_TEAM = 83HPSY452Y;
				GENERATE_INFOPLIST_FILE = YES;
				IPHONEOS_DEPLOYMENT_TARGET = 18.5;
				MARKETING_VERSION = 1.0;
				PRODUCT_BUNDLE_IDENTIFIER = ShuttlX.ShuttlXTests;
				PRODUCT_NAME = "$(TARGET_NAME)";
				SWIFT_EMIT_LOC_STRINGS = NO;
				SWIFT_VERSION = 5.0;
				TARGETED_DEVICE_FAMILY = "1,2";
				TEST_HOST = "$(BUILT_PRODUCTS_DIR)/ShuttlX.app/$(BUNDLE_EXECUTABLE_FOLDER_PATH)/ShuttlX";
			};
			name = Release;
		};
		A59235062DF30C8600744C69 /* Debug */ = {
			isa = XCBuildConfiguration;
			buildSettings = {
				CODE_SIGN_STYLE = Automatic;
				CURRENT_PROJECT_VERSION = 1;
				DEVELOPMENT_TEAM = 83HPSY452Y;
				GENERATE_INFOPLIST_FILE = YES;
				MARKETING_VERSION = 1.0;
				PRODUCT_BUNDLE_IDENTIFIER = ShuttlX.ShuttlXUITests;
				PRODUCT_NAME = "$(TARGET_NAME)";
				SWIFT_EMIT_LOC_STRINGS = NO;
				SWIFT_VERSION = 5.0;
				TARGETED_DEVICE_FAMILY = "1,2";
				TEST_TARGET_NAME = ShuttlX;
			};
			name = Debug;
		};
		A59235072DF30C8600744C69 /* Release */ = {
			isa = XCBuildConfiguration;
			buildSettings = {
				CODE_SIGN_STYLE = Automatic;
				CURRENT_PROJECT_VERSION = 1;
				DEVELOPMENT_TEAM = 83HPSY452Y;
				GENERATE_INFOPLIST_FILE = YES;
				MARKETING_VERSION = 1.0;
				PRODUCT_BUNDLE_IDENTIFIER = ShuttlX.ShuttlXUITests;
				PRODUCT_NAME = "$(TARGET_NAME)";
				SWIFT_EMIT_LOC_STRINGS = NO;
				SWIFT_VERSION = 5.0;
				TARGETED_DEVICE_FAMILY = "1,2";
				TEST_TARGET_NAME = ShuttlX;
			};
			name = Release;
		};
/* End XCBuildConfiguration section */

/* Begin XCConfigurationList section */
		A59234D92DF30C8400744C69 /* Build configuration list for PBXProject "ShuttlX" */ = {
			isa = XCConfigurationList;
			buildConfigurations = (
				A59234FD2DF30C8600744C69 /* Debug */,
				A59234FE2DF30C8600744C69 /* Release */,
			);
			defaultConfigurationIsVisible = 0;
			defaultConfigurationName = Release;
		};
		A59234FF2DF30C8600744C69 /* Build configuration list for PBXNativeTarget "ShuttlX" */ = {
			isa = XCConfigurationList;
			buildConfigurations = (
				A59235002DF30C8600744C69 /* Debug */,
				A59235012DF30C8600744C69 /* Release */,
			);
			defaultConfigurationIsVisible = 0;
			defaultConfigurationName = Release;
		};
		A59235022DF30C8600744C69 /* Build configuration list for PBXNativeTarget "ShuttlXTests" */ = {
			isa = XCConfigurationList;
			buildConfigurations = (
				A59235032DF30C8600744C69 /* Debug */,
				A59235042DF30C8600744C69 /* Release */,
			);
			defaultConfigurationIsVisible = 0;
			defaultConfigurationName = Release;
		};
		A59235052DF30C8600744C69 /* Build configuration list for PBXNativeTarget "ShuttlXUITests" */ = {
			isa = XCConfigurationList;
			buildConfigurations = (
				A59235062DF30C8600744C69 /* Debug */,
				A59235072DF30C8600744C69 /* Release */,
			);
			defaultConfigurationIsVisible = 0;
			defaultConfigurationName = Release;
		};
/* End XCConfigurationList section */
	};
	rootObject = A59234D62DF30C8400744C69 /* Project object */;
}
