// !$*UTF8*$!
{
	archiveVersion = 1;
	classes = {
	};
	objectVersion = 77;
	objects = {

/* Begin PBXBuildFile section */
		32E6AA1D /* (null) in Resources */ = {isa = PBXBuildFile; };
		71909D46 /* (null) in Resources */ = {isa = PBXBuildFile; };
		A56D91122E0940EF00E19F06 /* ShuttlXWatch Watch App Watch App.app in Embed Watch Content */ = {isa = PBXBuildFile; fileRef = A56D91082E0940ED00E19F06 /* ShuttlXWatch Watch App Watch App.app */; settings = {ATTRIBUTES = (RemoveHeadersOnCopy, ); }; };
		A5923502 /* ContentView.swift in Sources */ = {isa = PBXBuildFile; fileRef = A5923508 /* ContentView.swift */; };
		A5923503 /* ShuttlXApp.swift in Sources */ = {isa = PBXBuildFile; fileRef = A5923507 /* ShuttlXApp.swift */; };
		A5923504 /* TrainingProgram.swift in Sources */ = {isa = PBXBuildFile; fileRef = A5923504F /* TrainingProgram.swift */; };
		A5923505 /* TrainingSession.swift in Sources */ = {isa = PBXBuildFile; fileRef = A5923505F /* TrainingSession.swift */; };
		A5923506 /* TrainingInterval.swift in Sources */ = {isa = PBXBuildFile; fileRef = A5923506F /* TrainingInterval.swift */; };
		A5923507B /* DataManager.swift in Sources */ = {isa = PBXBuildFile; fileRef = A5923507F /* DataManager.swift */; };
		A5923508B /* SharedDataManager.swift in Sources */ = {isa = PBXBuildFile; fileRef = A5923508F /* SharedDataManager.swift */; };
		A5923509B /* ProgramRowView.swift in Sources */ = {isa = PBXBuildFile; fileRef = A5923509F /* ProgramRowView.swift */; };
		A5923510B /* TrainingHistoryView.swift in Sources */ = {isa = PBXBuildFile; fileRef = A5923510F /* TrainingHistoryView.swift */; };
		A5923511B /* SessionRowView.swift in Sources */ = {isa = PBXBuildFile; fileRef = A5923511F /* SessionRowView.swift */; };
		A5923512B /* ProgramListView.swift in Sources */ = {isa = PBXBuildFile; fileRef = A5923512F /* ProgramListView.swift */; };
		A5923513B /* ProgramEditorView.swift in Sources */ = {isa = PBXBuildFile; fileRef = A5923513F /* ProgramEditorView.swift */; };
		A5923514B /* DebugView.swift in Sources */ = {isa = PBXBuildFile; fileRef = A5923514F /* DebugView.swift */; };
/* End PBXBuildFile section */

/* Begin PBXContainerItemProxy section */
		A56D91102E0940EF00E19F06 /* PBXContainerItemProxy */ = {
			isa = PBXContainerItemProxy;
			containerPortal = A59234D6 /* Project object */;
			proxyType = 1;
			remoteGlobalIDString = A56D91072E0940ED00E19F06;
			remoteInfo = "ShuttlXWatch Watch App Watch App";
		};
/* End PBXContainerItemProxy section */

/* Begin PBXCopyFilesBuildPhase section */
		A56D91162E0940EF00E19F06 /* Embed Watch Content */ = {
			isa = PBXCopyFilesBuildPhase;
			buildActionMask = 2147483647;
			dstPath = "$(CONTENTS_FOLDER_PATH)/Watch";
			dstSubfolderSpec = 16;
			files = (
				A56D91122E0940EF00E19F06 /* ShuttlXWatch Watch App Watch App.app in Embed Watch Content */,
			);
			name = "Embed Watch Content";
			runOnlyForDeploymentPostprocessing = 0;
		};
/* End PBXCopyFilesBuildPhase section */

/* Begin PBXFileReference section */
		A56D91082E0940ED00E19F06 /* ShuttlXWatch Watch App Watch App.app */ = {isa = PBXFileReference; explicitFileType = wrapper.application; includeInIndex = 0; path = "ShuttlXWatch Watch App Watch App.app"; sourceTree = BUILT_PRODUCTS_DIR; };
		A59234DE /* ShuttlX.app */ = {isa = PBXFileReference; explicitFileType = wrapper.application; includeInIndex = 0; path = ShuttlX.app; sourceTree = BUILT_PRODUCTS_DIR; };
		A5923504F /* TrainingProgram.swift */ = {isa = PBXFileReference; lastKnownFileType = sourcecode.swift; path = TrainingProgram.swift; sourceTree = "<group>"; };
		A5923505F /* TrainingSession.swift */ = {isa = PBXFileReference; lastKnownFileType = sourcecode.swift; path = TrainingSession.swift; sourceTree = "<group>"; };
		A5923506F /* TrainingInterval.swift */ = {isa = PBXFileReference; lastKnownFileType = sourcecode.swift; path = TrainingInterval.swift; sourceTree = "<group>"; };
		A5923507 /* ShuttlXApp.swift */ = {isa = PBXFileReference; lastKnownFileType = sourcecode.swift; path = ShuttlXApp.swift; sourceTree = "<group>"; };
		A5923507F /* DataManager.swift */ = {isa = PBXFileReference; lastKnownFileType = sourcecode.swift; path = DataManager.swift; sourceTree = "<group>"; };
		A5923508 /* ContentView.swift */ = {isa = PBXFileReference; lastKnownFileType = sourcecode.swift; path = ContentView.swift; sourceTree = "<group>"; };
		A5923508F /* SharedDataManager.swift */ = {isa = PBXFileReference; lastKnownFileType = sourcecode.swift; path = SharedDataManager.swift; sourceTree = "<group>"; };
		A5923509 /* Info.plist */ = {isa = PBXFileReference; lastKnownFileType = text.plist.xml; path = Info.plist; sourceTree = "<group>"; };
		A5923509F /* ProgramRowView.swift */ = {isa = PBXFileReference; lastKnownFileType = sourcecode.swift; path = ProgramRowView.swift; sourceTree = "<group>"; };
		A592350A /* ShuttlX.entitlements */ = {isa = PBXFileReference; lastKnownFileType = text.plist.entitlements; path = ShuttlX.entitlements; sourceTree = "<group>"; };
		A5923510F /* TrainingHistoryView.swift */ = {isa = PBXFileReference; lastKnownFileType = sourcecode.swift; path = TrainingHistoryView.swift; sourceTree = "<group>"; };
		A5923511F /* SessionRowView.swift */ = {isa = PBXFileReference; lastKnownFileType = sourcecode.swift; path = SessionRowView.swift; sourceTree = "<group>"; };
		A5923512F /* ProgramListView.swift */ = {isa = PBXFileReference; lastKnownFileType = sourcecode.swift; path = ProgramListView.swift; sourceTree = "<group>"; };
		A5923513F /* ProgramEditorView.swift */ = {isa = PBXFileReference; lastKnownFileType = sourcecode.swift; path = ProgramEditorView.swift; sourceTree = "<group>"; };
		A5923514F /* DebugView.swift */ = {isa = PBXFileReference; lastKnownFileType = sourcecode.swift; path = DebugView.swift; sourceTree = "<group>"; };
/* End PBXFileReference section */

/* Begin PBXFileSystemSynchronizedBuildFileExceptionSet section */
		A56D91222E09470F00E19F06 /* Exceptions for "ShuttlXWatch Watch App Watch App" folder in "ShuttlXWatch Watch App Watch App" target */ = {
			isa = PBXFileSystemSynchronizedBuildFileExceptionSet;
			membershipExceptions = (
				Assets.xcassets,
			);
			target = A56D91072E0940ED00E19F06 /* ShuttlXWatch Watch App Watch App */;
		};
/* End PBXFileSystemSynchronizedBuildFileExceptionSet section */

/* Begin PBXFileSystemSynchronizedRootGroup section */
		A56D91092E0940ED00E19F06 /* ShuttlXWatch Watch App Watch App */ = {
			isa = PBXFileSystemSynchronizedRootGroup;
			exceptions = (
				A56D91222E09470F00E19F06 /* Exceptions for "ShuttlXWatch Watch App Watch App" folder in "ShuttlXWatch Watch App Watch App" target */,
			);
			path = "ShuttlXWatch Watch App Watch App";
			sourceTree = "<group>";
		};
/* End PBXFileSystemSynchronizedRootGroup section */

/* Begin PBXFrameworksBuildPhase section */
		A56D91052E0940ED00E19F06 /* Frameworks */ = {
			isa = PBXFrameworksBuildPhase;
			buildActionMask = 2147483647;
			files = (
			);
			runOnlyForDeploymentPostprocessing = 0;
		};
		A59234DB /* Frameworks */ = {
			isa = PBXFrameworksBuildPhase;
			buildActionMask = 2147483647;
			files = (
			);
			runOnlyForDeploymentPostprocessing = 0;
		};
/* End PBXFrameworksBuildPhase section */

/* Begin PBXGroup section */
		A59234D5 = {
			isa = PBXGroup;
			children = (
				A59234E0 /* ShuttlX */,
				A56D91092E0940ED00E19F06 /* ShuttlXWatch Watch App Watch App */,
				A59234DF /* Products */,
			);
			sourceTree = "<group>";
		};
		A59234DF /* Products */ = {
			isa = PBXGroup;
			children = (
				A59234DE /* ShuttlX.app */,
				A56D91082E0940ED00E19F06 /* ShuttlXWatch Watch App Watch App.app */,
			);
			name = Products;
			sourceTree = "<group>";
		};
		A59234E0 /* ShuttlX */ = {
			isa = PBXGroup;
			children = (
				A5923507 /* ShuttlXApp.swift */,
				A5923508 /* ContentView.swift */,
				A5923509 /* Info.plist */,
				A592350A /* ShuttlX.entitlements */,
				A5923600 /* Services */,
				A5923700 /* Models */,
				A5923800 /* Views */,
				A5923900 /* ViewModels */,
			);
			path = ShuttlX;
			sourceTree = "<group>";
		};
		A5923600 /* Services */ = {
			isa = PBXGroup;
			children = (
				A5923507F /* DataManager.swift */,
				A5923508F /* SharedDataManager.swift */,
			);
			path = Services;
			sourceTree = "<group>";
		};
		A5923700 /* Models */ = {
			isa = PBXGroup;
			children = (
				A5923504F /* TrainingProgram.swift */,
				A5923505F /* TrainingSession.swift */,
				A5923506F /* TrainingInterval.swift */,
			);
			path = Models;
			sourceTree = "<group>";
		};
		A5923800 /* Views */ = {
			isa = PBXGroup;
			children = (
				A5923509F /* ProgramRowView.swift */,
				A5923510F /* TrainingHistoryView.swift */,
				A5923511F /* SessionRowView.swift */,
				A5923512F /* ProgramListView.swift */,
				A5923513F /* ProgramEditorView.swift */,
				A5923514F /* DebugView.swift */,
			);
			path = Views;
			sourceTree = "<group>";
		};
		A5923900 /* ViewModels */ = {
			isa = PBXGroup;
			children = (
			);
			path = ViewModels;
			sourceTree = "<group>";
		};
/* End PBXGroup section */

/* Begin PBXNativeTarget section */
		A56D91072E0940ED00E19F06 /* ShuttlXWatch Watch App Watch App */ = {
			isa = PBXNativeTarget;
			buildConfigurationList = A56D91132E0940EF00E19F06 /* Build configuration list for PBXNativeTarget "ShuttlXWatch Watch App Watch App" */;
			buildPhases = (
				A56D91042E0940ED00E19F06 /* Sources */,
				A56D91052E0940ED00E19F06 /* Frameworks */,
				A56D91062E0940ED00E19F06 /* Resources */,
			);
			buildRules = (
			);
			dependencies = (
			);
			fileSystemSynchronizedGroups = (
				A56D91092E0940ED00E19F06 /* ShuttlXWatch Watch App Watch App */,
			);
			name = "ShuttlXWatch Watch App Watch App";
			packageProductDependencies = (
			);
			productName = "ShuttlXWatch Watch App Watch App";
			productReference = A56D91082E0940ED00E19F06 /* ShuttlXWatch Watch App Watch App.app */;
			productType = "com.apple.product-type.application";
		};
		A59234DD /* ShuttlX */ = {
			isa = PBXNativeTarget;
			buildConfigurationList = A59234FE /* Build configuration list for PBXNativeTarget "ShuttlX" */;
			buildPhases = (
				A59234DA /* Sources */,
				A59234DB /* Frameworks */,
				A59234DC /* Resources */,
				A56D91162E0940EF00E19F06 /* Embed Watch Content */,
			);
			buildRules = (
			);
			dependencies = (
				A56D91112E0940EF00E19F06 /* PBXTargetDependency */,
			);
			name = ShuttlX;
			productName = ShuttlX;
			productReference = A59234DE /* ShuttlX.app */;
			productType = "com.apple.product-type.application";
		};
/* End PBXNativeTarget section */

/* Begin PBXProject section */
		A59234D6 /* Project object */ = {
			isa = PBXProject;
			attributes = {
				BuildIndependentTargetsInParallel = 1;
				LastSwiftUpdateCheck = 1640;
				LastUpgradeCheck = 1600;
				TargetAttributes = {
					A56D91072E0940ED00E19F06 = {
						CreatedOnToolsVersion = 16.4;
					};
					A59234DD = {
						CreatedOnToolsVersion = 16.0;
					};
				};
			};
			buildConfigurationList = A59234D9 /* Build configuration list for PBXProject "ShuttlX" */;
			developmentRegion = en;
			hasScannedForEncodings = 0;
			knownRegions = (
				en,
				Base,
			);
			mainGroup = A59234D5;
			minimizedProjectReferenceProxies = 1;
			preferredProjectObjectVersion = 77;
			productRefGroup = A59234DF /* Products */;
			projectDirPath = "";
			projectRoot = "";
			targets = (
				A59234DD /* ShuttlX */,
				A56D91072E0940ED00E19F06 /* ShuttlXWatch Watch App Watch App */,
			);
		};
/* End PBXProject section */

/* Begin PBXResourcesBuildPhase section */
		A56D91062E0940ED00E19F06 /* Resources */ = {
			isa = PBXResourcesBuildPhase;
			buildActionMask = 2147483647;
			files = (
				71909D46 /* (null) in Resources */,
				32E6AA1D /* (null) in Resources */,
			);
			runOnlyForDeploymentPostprocessing = 0;
		};
		A59234DC /* Resources */ = {
			isa = PBXResourcesBuildPhase;
			buildActionMask = 2147483647;
			files = (
			);
			runOnlyForDeploymentPostprocessing = 0;
		};
/* End PBXResourcesBuildPhase section */

/* Begin PBXSourcesBuildPhase section */
		A56D91042E0940ED00E19F06 /* Sources */ = {
			isa = PBXSourcesBuildPhase;
			buildActionMask = 2147483647;
			files = (
			);
			runOnlyForDeploymentPostprocessing = 0;
		};
		A59234DA /* Sources */ = {
			isa = PBXSourcesBuildPhase;
			buildActionMask = 2147483647;
			files = (
				A5923502 /* ContentView.swift in Sources */,
				A5923503 /* ShuttlXApp.swift in Sources */,
				A5923504 /* TrainingProgram.swift in Sources */,
				A5923505 /* TrainingSession.swift in Sources */,
				A5923506 /* TrainingInterval.swift in Sources */,
				A5923507B /* DataManager.swift in Sources */,
				A5923508B /* SharedDataManager.swift in Sources */,
				A5923509B /* ProgramRowView.swift in Sources */,
				A5923510B /* TrainingHistoryView.swift in Sources */,
				A5923511B /* SessionRowView.swift in Sources */,
				A5923512B /* ProgramListView.swift in Sources */,
				A5923513B /* ProgramEditorView.swift in Sources */,
				A5923514B /* DebugView.swift in Sources */,
			);
			runOnlyForDeploymentPostprocessing = 0;
		};
/* End PBXSourcesBuildPhase section */

/* Begin PBXTargetDependency section */
		A56D91112E0940EF00E19F06 /* PBXTargetDependency */ = {
			isa = PBXTargetDependency;
			target = A56D91072E0940ED00E19F06 /* ShuttlXWatch Watch App Watch App */;
			targetProxy = A56D91102E0940EF00E19F06 /* PBXContainerItemProxy */;
		};
/* End PBXTargetDependency section */

/* Begin XCBuildConfiguration section */
		A56D91142E0940EF00E19F06 /* Debug */ = {
			isa = XCBuildConfiguration;
			buildSettings = {
				ASSETCATALOG_COMPILER_APPICON_NAME = AppIcon;
				ASSETCATALOG_COMPILER_GLOBAL_ACCENT_COLOR_NAME = AccentColor;
				CODE_SIGN_STYLE = Automatic;
				CURRENT_PROJECT_VERSION = 1;
				DEVELOPMENT_TEAM = "";
				ENABLE_PREVIEWS = YES;
				GENERATE_INFOPLIST_FILE = YES;
				INFOPLIST_KEY_CFBundleDisplayName = "ShuttlXWatch Watch App";
				INFOPLIST_KEY_NSHealthShareUsageDescription = "This app needs access to read your workout data to track your training progress.";
				INFOPLIST_KEY_NSHealthUpdateUsageDescription = "This app needs access to save your workout data to track your training progress.";
				INFOPLIST_KEY_UISupportedInterfaceOrientations = "UIInterfaceOrientationPortrait UIInterfaceOrientationPortraitUpsideDown";
				INFOPLIST_KEY_WKCompanionAppBundleIdentifier = com.shuttlx.ShuttlX;
				LD_RUNPATH_SEARCH_PATHS = (
					"$(inherited)",
					"@executable_path/Frameworks",
				);
				MARKETING_VERSION = 1.0;
				PRODUCT_BUNDLE_IDENTIFIER = com.shuttlx.ShuttlX.watchkitapp;
				PRODUCT_NAME = "$(TARGET_NAME)";
				SDKROOT = watchos;
				SKIP_INSTALL = YES;
				SWIFT_EMIT_LOC_STRINGS = YES;
				SWIFT_VERSION = 5.0;
				TARGETED_DEVICE_FAMILY = 4;
				WATCHOS_DEPLOYMENT_TARGET = 11.5;
			};
			name = Debug;
		};
		A56D91152E0940EF00E19F06 /* Release */ = {
			isa = XCBuildConfiguration;
			buildSettings = {
				ASSETCATALOG_COMPILER_APPICON_NAME = AppIcon;
				ASSETCATALOG_COMPILER_GLOBAL_ACCENT_COLOR_NAME = AccentColor;
				CODE_SIGN_STYLE = Automatic;
				CURRENT_PROJECT_VERSION = 1;
				DEVELOPMENT_TEAM = "";
				ENABLE_PREVIEWS = YES;
				GENERATE_INFOPLIST_FILE = YES;
				INFOPLIST_KEY_CFBundleDisplayName = "ShuttlXWatch Watch App";
				INFOPLIST_KEY_NSHealthShareUsageDescription = "This app needs access to read your workout data to track your training progress.";
				INFOPLIST_KEY_NSHealthUpdateUsageDescription = "This app needs access to save your workout data to track your training progress.";
				INFOPLIST_KEY_UISupportedInterfaceOrientations = "UIInterfaceOrientationPortrait UIInterfaceOrientationPortraitUpsideDown";
				INFOPLIST_KEY_WKCompanionAppBundleIdentifier = com.shuttlx.ShuttlX;
				LD_RUNPATH_SEARCH_PATHS = (
					"$(inherited)",
					"@executable_path/Frameworks",
				);
				MARKETING_VERSION = 1.0;
				PRODUCT_BUNDLE_IDENTIFIER = com.shuttlx.ShuttlX.watchkitapp;
				PRODUCT_NAME = "$(TARGET_NAME)";
				SDKROOT = watchos;
				SKIP_INSTALL = YES;
				SWIFT_EMIT_LOC_STRINGS = YES;
				SWIFT_VERSION = 5.0;
				TARGETED_DEVICE_FAMILY = 4;
				WATCHOS_DEPLOYMENT_TARGET = 11.5;
			};
			name = Release;
		};
		A59234FC /* Debug */ = {
			isa = XCBuildConfiguration;
			buildSettings = {
				ALWAYS_SEARCH_USER_PATHS = NO;
				ASSETCATALOG_COMPILER_GENERATE_SWIFT_ASSET_SYMBOL_EXTENSIONS = YES;
				CLANG_ANALYZER_NONNULL = YES;
				CLANG_ANALYZER_NUMBER_OBJECT_CONVERSION = YES_AGGRESSIVE;
				CLANG_CXX_LANGUAGE_STANDARD = "gnu++20";
				CLANG_ENABLE_MODULES = YES;
				CLANG_ENABLE_OBJC_ARC = YES;
				CLANG_ENABLE_OBJC_WEAK = YES;
				CLANG_WARN_BLOCK_CAPTURE_AUTORELEASING = YES;
				CLANG_WARN_BOOL_CONVERSION = YES;
				CLANG_WARN_COMMA = YES;
				CLANG_WARN_CONSTANT_CONVERSION = YES;
				CLANG_WARN_DEPRECATED_OBJC_IMPLEMENTATIONS = YES;
				CLANG_WARN_DIRECT_OBJC_ISA_USAGE = YES_ERROR;
				CLANG_WARN_DOCUMENTATION_COMMENTS = YES;
				CLANG_WARN_EMPTY_BODY = YES;
				CLANG_WARN_ENUM_CONVERSION = YES;
				CLANG_WARN_INFINITE_RECURSION = YES;
				CLANG_WARN_INT_CONVERSION = YES;
				CLANG_WARN_NON_LITERAL_NULL_CONVERSION = YES;
				CLANG_WARN_OBJC_IMPLICIT_RETAIN_SELF = YES;
				CLANG_WARN_OBJC_LITERAL_CONVERSION = YES;
				CLANG_WARN_OBJC_ROOT_CLASS = YES_ERROR;
				CLANG_WARN_QUOTED_INCLUDE_IN_FRAMEWORK_HEADER = YES;
				CLANG_WARN_RANGE_LOOP_ANALYSIS = YES;
				CLANG_WARN_STRICT_PROTOTYPES = YES;
				CLANG_WARN_SUSPICIOUS_MOVE = YES;
				CLANG_WARN_UNGUARDED_AVAILABILITY = YES_AGGRESSIVE;
				CLANG_WARN_UNREACHABLE_CODE = YES;
				CLANG_WARN__DUPLICATE_METHOD_MATCH = YES;
				COPY_PHASE_STRIP = NO;
				DEBUG_INFORMATION_FORMAT = dwarf;
				ENABLE_STRICT_OBJC_MSGSEND = YES;
				ENABLE_TESTABILITY = YES;
				ENABLE_USER_SCRIPT_SANDBOXING = YES;
				GCC_C_LANGUAGE_STANDARD = gnu17;
				GCC_DYNAMIC_NO_PIC = NO;
				GCC_NO_COMMON_BLOCKS = YES;
				GCC_OPTIMIZATION_LEVEL = 0;
				GCC_PREPROCESSOR_DEFINITIONS = (
					"DEBUG=1",
					"$(inherited)",
				);
				GCC_WARN_64_TO_32_BIT_CONVERSION = YES;
				GCC_WARN_ABOUT_RETURN_TYPE = YES_ERROR;
				GCC_WARN_UNDECLARED_SELECTOR = YES;
				GCC_WARN_UNINITIALIZED_AUTOS = YES_AGGRESSIVE;
				GCC_WARN_UNUSED_FUNCTION = YES;
				GCC_WARN_UNUSED_VARIABLE = YES;
				IPHONEOS_DEPLOYMENT_TARGET = 17.0;
				LOCALIZATION_PREFERS_STRING_CATALOGS = YES;
				MTL_ENABLE_DEBUG_INFO = INCLUDE_SOURCE;
				MTL_FAST_MATH = YES;
				ONLY_ACTIVE_ARCH = YES;
				SDKROOT = iphoneos;
				SWIFT_ACTIVE_COMPILATION_CONDITIONS = "DEBUG $(inherited)";
				SWIFT_OPTIMIZATION_LEVEL = "-Onone";
			};
			name = Debug;
		};
		A59234FD /* Release */ = {
			isa = XCBuildConfiguration;
			buildSettings = {
				ALWAYS_SEARCH_USER_PATHS = NO;
				ASSETCATALOG_COMPILER_GENERATE_SWIFT_ASSET_SYMBOL_EXTENSIONS = YES;
				CLANG_ANALYZER_NONNULL = YES;
				CLANG_ANALYZER_NUMBER_OBJECT_CONVERSION = YES_AGGRESSIVE;
				CLANG_CXX_LANGUAGE_STANDARD = "gnu++20";
				CLANG_ENABLE_MODULES = YES;
				CLANG_ENABLE_OBJC_ARC = YES;
				CLANG_ENABLE_OBJC_WEAK = YES;
				CLANG_WARN_BLOCK_CAPTURE_AUTORELEASING = YES;
				CLANG_WARN_BOOL_CONVERSION = YES;
				CLANG_WARN_COMMA = YES;
				CLANG_WARN_CONSTANT_CONVERSION = YES;
				CLANG_WARN_DEPRECATED_OBJC_IMPLEMENTATIONS = YES;
				CLANG_WARN_DIRECT_OBJC_ISA_USAGE = YES_ERROR;
				CLANG_WARN_DOCUMENTATION_COMMENTS = YES;
				CLANG_WARN_EMPTY_BODY = YES;
				CLANG_WARN_ENUM_CONVERSION = YES;
				CLANG_WARN_INFINITE_RECURSION = YES;
				CLANG_WARN_INT_CONVERSION = YES;
				CLANG_WARN_NON_LITERAL_NULL_CONVERSION = YES;
				CLANG_WARN_OBJC_IMPLICIT_RETAIN_SELF = YES;
				CLANG_WARN_OBJC_LITERAL_CONVERSION = YES;
				CLANG_WARN_OBJC_ROOT_CLASS = YES_ERROR;
				CLANG_WARN_QUOTED_INCLUDE_IN_FRAMEWORK_HEADER = YES;
				CLANG_WARN_RANGE_LOOP_ANALYSIS = YES;
				CLANG_WARN_STRICT_PROTOTYPES = YES;
				CLANG_WARN_SUSPICIOUS_MOVE = YES;
				CLANG_WARN_UNGUARDED_AVAILABILITY = YES_AGGRESSIVE;
				CLANG_WARN_UNREACHABLE_CODE = YES;
				CLANG_WARN__DUPLICATE_METHOD_MATCH = YES;
				COPY_PHASE_STRIP = NO;
				DEBUG_INFORMATION_FORMAT = "dwarf-with-dsym";
				ENABLE_NS_ASSERTIONS = NO;
				ENABLE_STRICT_OBJC_MSGSEND = YES;
				ENABLE_USER_SCRIPT_SANDBOXING = YES;
				GCC_C_LANGUAGE_STANDARD = gnu17;
				GCC_NO_COMMON_BLOCKS = YES;
				GCC_WARN_64_TO_32_BIT_CONVERSION = YES;
				GCC_WARN_ABOUT_RETURN_TYPE = YES_ERROR;
				GCC_WARN_UNDECLARED_SELECTOR = YES;
				GCC_WARN_UNINITIALIZED_AUTOS = YES_AGGRESSIVE;
				GCC_WARN_UNUSED_FUNCTION = YES;
				GCC_WARN_UNUSED_VARIABLE = YES;
				IPHONEOS_DEPLOYMENT_TARGET = 17.0;
				LOCALIZATION_PREFERS_STRING_CATALOGS = YES;
				MTL_ENABLE_DEBUG_INFO = NO;
				MTL_FAST_MATH = YES;
				SDKROOT = iphoneos;
				SWIFT_COMPILATION_MODE = wholemodule;
				VALIDATE_PRODUCT = YES;
			};
			name = Release;
		};
		A59234FF /* Debug */ = {
			isa = XCBuildConfiguration;
			buildSettings = {
				CODE_SIGN_ENTITLEMENTS = ShuttlX/ShuttlX.entitlements;
				CODE_SIGN_STYLE = Automatic;
				CURRENT_PROJECT_VERSION = 1;
				DEVELOPMENT_TEAM = 83HPSY452Y;
				ENABLE_PREVIEWS = YES;
				GENERATE_INFOPLIST_FILE = NO;
				INFOPLIST_FILE = ShuttlX/Info.plist;
				INFOPLIST_KEY_LSApplicationCategoryType = "public.app-category.sports";
				INFOPLIST_KEY_UIApplicationSceneManifest_Generation = YES;
				INFOPLIST_KEY_UIApplicationSupportsIndirectInputEvents = YES;
				INFOPLIST_KEY_UILaunchScreen_Generation = YES;
				INFOPLIST_KEY_UISupportedInterfaceOrientations_iPad = "UIInterfaceOrientationPortrait UIInterfaceOrientationPortraitUpsideDown UIInterfaceOrientationLandscapeLeft UIInterfaceOrientationLandscapeRight";
				INFOPLIST_KEY_UISupportedInterfaceOrientations_iPhone = "UIInterfaceOrientationPortrait UIInterfaceOrientationLandscapeLeft UIInterfaceOrientationLandscapeRight";
				IPHONEOS_DEPLOYMENT_TARGET = 18.0;
				LD_RUNPATH_SEARCH_PATHS = (
					"$(inherited)",
					"@executable_path/Frameworks",
				);
				MARKETING_VERSION = 1.0;
				PRODUCT_BUNDLE_IDENTIFIER = com.shuttlx.ShuttlX;
				PRODUCT_NAME = "$(TARGET_NAME)";
				SUPPORTED_PLATFORMS = "iphoneos iphonesimulator";
				SUPPORTS_MACCATALYST = NO;
				SUPPORTS_MAC_DESIGNED_FOR_IPHONE_IPAD = NO;
				SUPPORTS_XR_DESIGNED_FOR_IPHONE_IPAD = NO;
				SWIFT_EMIT_LOC_STRINGS = YES;
				SWIFT_VERSION = 5.0;
				TARGETED_DEVICE_FAMILY = "1,2";
			};
			name = Debug;
		};
		A5923510 /* Release */ = {
			isa = XCBuildConfiguration;
			buildSettings = {
				CODE_SIGN_ENTITLEMENTS = ShuttlX/ShuttlX.entitlements;
				CODE_SIGN_STYLE = Automatic;
				CURRENT_PROJECT_VERSION = 1;
				DEVELOPMENT_TEAM = 83HPSY452Y;
				ENABLE_PREVIEWS = YES;
				GENERATE_INFOPLIST_FILE = NO;
				INFOPLIST_FILE = ShuttlX/Info.plist;
				INFOPLIST_KEY_LSApplicationCategoryType = "public.app-category.sports";
				INFOPLIST_KEY_UIApplicationSceneManifest_Generation = YES;
				INFOPLIST_KEY_UIApplicationSupportsIndirectInputEvents = YES;
				INFOPLIST_KEY_UILaunchScreen_Generation = YES;
				INFOPLIST_KEY_UISupportedInterfaceOrientations_iPad = "UIInterfaceOrientationPortrait UIInterfaceOrientationPortraitUpsideDown UIInterfaceOrientationLandscapeLeft UIInterfaceOrientationLandscapeRight";
				INFOPLIST_KEY_UISupportedInterfaceOrientations_iPhone = "UIInterfaceOrientationPortrait UIInterfaceOrientationLandscapeLeft UIInterfaceOrientationLandscapeRight";
				IPHONEOS_DEPLOYMENT_TARGET = 18.0;
				LD_RUNPATH_SEARCH_PATHS = (
					"$(inherited)",
					"@executable_path/Frameworks",
				);
				MARKETING_VERSION = 1.0;
				PRODUCT_BUNDLE_IDENTIFIER = com.shuttlx.ShuttlX;
				PRODUCT_NAME = "$(TARGET_NAME)";
				SUPPORTED_PLATFORMS = "iphoneos iphonesimulator";
				SUPPORTS_MACCATALYST = NO;
				SUPPORTS_MAC_DESIGNED_FOR_IPHONE_IPAD = NO;
				SUPPORTS_XR_DESIGNED_FOR_IPHONE_IPAD = NO;
				SWIFT_EMIT_LOC_STRINGS = YES;
				SWIFT_VERSION = 5.0;
				TARGETED_DEVICE_FAMILY = "1,2";
			};
			name = Release;
		};
/* End XCBuildConfiguration section */

/* Begin XCConfigurationList section */
		A56D91132E0940EF00E19F06 /* Build configuration list for PBXNativeTarget "ShuttlXWatch Watch App Watch App" */ = {
			isa = XCConfigurationList;
			buildConfigurations = (
				A56D91142E0940EF00E19F06 /* Debug */,
				A56D91152E0940EF00E19F06 /* Release */,
			);
			defaultConfigurationIsVisible = 0;
			defaultConfigurationName = Release;
		};
		A59234D9 /* Build configuration list for PBXProject "ShuttlX" */ = {
			isa = XCConfigurationList;
			buildConfigurations = (
				A59234FC /* Debug */,
				A59234FD /* Release */,
			);
			defaultConfigurationIsVisible = 0;
			defaultConfigurationName = Release;
		};
		A59234FE /* Build configuration list for PBXNativeTarget "ShuttlX" */ = {
			isa = XCConfigurationList;
			buildConfigurations = (
				A59234FF /* Debug */,
				A5923510 /* Release */,
			);
			defaultConfigurationIsVisible = 0;
			defaultConfigurationName = Release;
		};
/* End XCConfigurationList section */
	};
	rootObject = A59234D6 /* Project object */;
}
