// !$*UTF8*$!
{
	archiveVersion = 1;
	classes = {
	};
	objectVersion = 77;
	objects = {

/* Begin PBXBuildFile section */
		A56D91122E0940EF00E19F06 /* ShuttlX Watch App.app in Embed Watch Content */ = {isa = PBXBuildFile; fileRef = A56D91082E0940ED00E19F06 /* ShuttlX Watch App.app */; settings = {ATTRIBUTES = (RemoveHeadersOnCopy, ); }; };
		LA000010 /* ShuttlXLiveActivityBundle.swift in Sources */ = {isa = PBXBuildFile; fileRef = LA000001 /* ShuttlXLiveActivityBundle.swift */; };
		LA000011 /* ShuttlXLiveActivity.swift in Sources */ = {isa = PBXBuildFile; fileRef = LA000002 /* ShuttlXLiveActivity.swift */; };
		LA000012 /* LockScreenView.swift in Sources */ = {isa = PBXBuildFile; fileRef = LA000003 /* LockScreenView.swift */; };
		LA000013 /* WorkoutActivityAttributes.swift in Sources */ = {isa = PBXBuildFile; fileRef = LA000004 /* WorkoutActivityAttributes.swift */; };
		LA000014 /* WorkoutActivityAttributes.swift in Sources */ = {isa = PBXBuildFile; fileRef = LA000004 /* WorkoutActivityAttributes.swift */; };
		LA000015 /* LiveActivityManager.swift in Sources */ = {isa = PBXBuildFile; fileRef = LA000005 /* LiveActivityManager.swift */; };
		LA000016 /* ShuttlXLiveActivity.appex in Embed PlugIns */ = {isa = PBXBuildFile; fileRef = LA000006 /* ShuttlXLiveActivity.appex */; settings = {ATTRIBUTES = (RemoveHeadersOnCopy, ); }; };
		A5923502 /* ContentView.swift in Sources */ = {isa = PBXBuildFile; fileRef = A5923508 /* ContentView.swift */; };
		A5923503 /* ShuttlXApp.swift in Sources */ = {isa = PBXBuildFile; fileRef = A5923507 /* ShuttlXApp.swift */; };
		A5923505 /* TrainingSession.swift in Sources */ = {isa = PBXBuildFile; fileRef = A5923505F /* TrainingSession.swift */; };
		A5923530 /* ActivitySegment.swift in Sources */ = {isa = PBXBuildFile; fileRef = A5923530F /* ActivitySegment.swift */; };
		A5923507B /* DataManager.swift in Sources */ = {isa = PBXBuildFile; fileRef = A5923507F /* DataManager.swift */; };
		A5923508B /* SharedDataManager.swift in Sources */ = {isa = PBXBuildFile; fileRef = A5923508F /* SharedDataManager.swift */; };
		A5923531 /* SessionDetailView.swift in Sources */ = {isa = PBXBuildFile; fileRef = A5923531F /* SessionDetailView.swift */; };
		A5923510B /* TrainingHistoryView.swift in Sources */ = {isa = PBXBuildFile; fileRef = A5923510F /* TrainingHistoryView.swift */; };
		A5923511B /* SessionRowView.swift in Sources */ = {isa = PBXBuildFile; fileRef = A5923511F /* SessionRowView.swift */; };
		A5923512B /* ProgramListView.swift in Sources */ = {isa = PBXBuildFile; fileRef = A5923512F /* ProgramListView.swift */; };
		A5923514B /* DebugView.swift in Sources */ = {isa = PBXBuildFile; fileRef = A5923514F /* DebugView.swift */; };
		A5923515B /* PrivacyInfo.xcprivacy in Resources */ = {isa = PBXBuildFile; fileRef = A5923515F /* PrivacyInfo.xcprivacy */; };
		A5923521B /* Assets.xcassets in Resources */ = {isa = PBXBuildFile; fileRef = A5923521F /* Assets.xcassets */; };
		A5923516B /* OnboardingView.swift in Sources */ = {isa = PBXBuildFile; fileRef = A5923516F /* OnboardingView.swift */; };
		A5923517B /* SettingsView.swift in Sources */ = {isa = PBXBuildFile; fileRef = A5923517F /* SettingsView.swift */; };
		A5923518B /* SyncDebugView.swift in Sources */ = {isa = PBXBuildFile; fileRef = A5923518F /* SyncDebugView.swift */; };
		A5923B01 /* ShuttlXTheme.swift in Sources */ = {isa = PBXBuildFile; fileRef = A5923A01 /* ShuttlXTheme.swift */; };
		A5923B02 /* MetricCard.swift in Sources */ = {isa = PBXBuildFile; fileRef = A5923A02 /* MetricCard.swift */; };
		A5923B03 /* ActivityBadge.swift in Sources */ = {isa = PBXBuildFile; fileRef = A5923A03 /* ActivityBadge.swift */; };
		A5923B04 /* StreakBadge.swift in Sources */ = {isa = PBXBuildFile; fileRef = A5923A04 /* StreakBadge.swift */; };
		A5923B05 /* FormattingUtils.swift in Sources */ = {isa = PBXBuildFile; fileRef = A5923A05 /* FormattingUtils.swift */; };
		A5923E01 /* DashboardView.swift in Sources */ = {isa = PBXBuildFile; fileRef = A5923D01 /* DashboardView.swift */; };
		A5923E02 /* LiveWorkoutCard.swift in Sources */ = {isa = PBXBuildFile; fileRef = A5923D02 /* LiveWorkoutCard.swift */; };
		A5923E03 /* StartOnWatchCard.swift in Sources */ = {isa = PBXBuildFile; fileRef = A5923D03 /* StartOnWatchCard.swift */; };
		A5923E04 /* LastWorkoutCard.swift in Sources */ = {isa = PBXBuildFile; fileRef = A5923D04 /* LastWorkoutCard.swift */; };
		A5923E05 /* WeekSummaryCard.swift in Sources */ = {isa = PBXBuildFile; fileRef = A5923D05 /* WeekSummaryCard.swift */; };
		B5923011 /* ChartData.swift in Sources */ = {isa = PBXBuildFile; fileRef = B5923001 /* ChartData.swift */; };
		B5923012 /* WeeklyDistanceChart.swift in Sources */ = {isa = PBXBuildFile; fileRef = B5923002 /* WeeklyDistanceChart.swift */; };
		B5923013 /* PaceTrendChart.swift in Sources */ = {isa = PBXBuildFile; fileRef = B5923003 /* PaceTrendChart.swift */; };
		B5923014 /* HRZoneChart.swift in Sources */ = {isa = PBXBuildFile; fileRef = B5923004 /* HRZoneChart.swift */; };
		B5923015 /* WeekStripView.swift in Sources */ = {isa = PBXBuildFile; fileRef = B5923005 /* WeekStripView.swift */; };
		C5923011 /* RoutePoint.swift in Sources */ = {isa = PBXBuildFile; fileRef = C5923001 /* RoutePoint.swift */; };
		C5923012 /* RouteMapView.swift in Sources */ = {isa = PBXBuildFile; fileRef = C5923002 /* RouteMapView.swift */; };
/* End PBXBuildFile section */

/* Begin PBXContainerItemProxy section */
		A56D91102E0940EF00E19F06 /* PBXContainerItemProxy */ = {
			isa = PBXContainerItemProxy;
			containerPortal = A59234D6 /* Project object */;
			proxyType = 1;
			remoteGlobalIDString = A56D91072E0940ED00E19F06;
			remoteInfo = "ShuttlX Watch App";
		};
		LA000060 /* PBXContainerItemProxy */ = {
			isa = PBXContainerItemProxy;
			containerPortal = A59234D6 /* Project object */;
			proxyType = 1;
			remoteGlobalIDString = LA000050;
			remoteInfo = ShuttlXLiveActivity;
		};
/* End PBXContainerItemProxy section */

/* Begin PBXCopyFilesBuildPhase section */
		A56D91162E0940EF00E19F06 /* Embed Watch Content */ = {
			isa = PBXCopyFilesBuildPhase;
			buildActionMask = 2147483647;
			dstPath = "$(CONTENTS_FOLDER_PATH)/Watch";
			dstSubfolderSpec = 16;
			files = (
				A56D91122E0940EF00E19F06 /* ShuttlX Watch App.app in Embed Watch Content */,
			);
			name = "Embed Watch Content";
			runOnlyForDeploymentPostprocessing = 0;
		};
		LA000070 /* Embed PlugIns */ = {
			isa = PBXCopyFilesBuildPhase;
			buildActionMask = 2147483647;
			dstPath = "";
			dstSubfolderSpec = 13;
			files = (
				LA000016 /* ShuttlXLiveActivity.appex in Embed PlugIns */,
			);
			name = "Embed PlugIns";
			runOnlyForDeploymentPostprocessing = 0;
		};
/* End PBXCopyFilesBuildPhase section */

/* Begin PBXFileReference section */
		A56D91082E0940ED00E19F06 /* ShuttlX Watch App.app */ = {isa = PBXFileReference; explicitFileType = wrapper.application; includeInIndex = 0; path = "ShuttlX Watch App.app"; sourceTree = BUILT_PRODUCTS_DIR; };
		A59234DE /* ShuttlX.app */ = {isa = PBXFileReference; explicitFileType = wrapper.application; includeInIndex = 0; path = ShuttlX.app; sourceTree = BUILT_PRODUCTS_DIR; };
		A5923505F /* TrainingSession.swift */ = {isa = PBXFileReference; lastKnownFileType = sourcecode.swift; path = TrainingSession.swift; sourceTree = "<group>"; };
		A5923530F /* ActivitySegment.swift */ = {isa = PBXFileReference; lastKnownFileType = sourcecode.swift; path = ActivitySegment.swift; sourceTree = "<group>"; };
		A5923507 /* ShuttlXApp.swift */ = {isa = PBXFileReference; lastKnownFileType = sourcecode.swift; path = ShuttlXApp.swift; sourceTree = "<group>"; };
		A5923507F /* DataManager.swift */ = {isa = PBXFileReference; lastKnownFileType = sourcecode.swift; path = DataManager.swift; sourceTree = "<group>"; };
		A5923508 /* ContentView.swift */ = {isa = PBXFileReference; lastKnownFileType = sourcecode.swift; path = ContentView.swift; sourceTree = "<group>"; };
		A5923508F /* SharedDataManager.swift */ = {isa = PBXFileReference; lastKnownFileType = sourcecode.swift; path = SharedDataManager.swift; sourceTree = "<group>"; };
		A5923509 /* Info.plist */ = {isa = PBXFileReference; lastKnownFileType = text.plist.xml; path = Info.plist; sourceTree = "<group>"; };
		A5923531F /* SessionDetailView.swift */ = {isa = PBXFileReference; lastKnownFileType = sourcecode.swift; path = SessionDetailView.swift; sourceTree = "<group>"; };
		A592350A /* ShuttlX.entitlements */ = {isa = PBXFileReference; lastKnownFileType = text.plist.entitlements; path = ShuttlX.entitlements; sourceTree = "<group>"; };
		A5923510F /* TrainingHistoryView.swift */ = {isa = PBXFileReference; lastKnownFileType = sourcecode.swift; path = TrainingHistoryView.swift; sourceTree = "<group>"; };
		A5923511F /* SessionRowView.swift */ = {isa = PBXFileReference; lastKnownFileType = sourcecode.swift; path = SessionRowView.swift; sourceTree = "<group>"; };
		A5923512F /* ProgramListView.swift */ = {isa = PBXFileReference; lastKnownFileType = sourcecode.swift; path = ProgramListView.swift; sourceTree = "<group>"; };
		A5923514F /* DebugView.swift */ = {isa = PBXFileReference; lastKnownFileType = sourcecode.swift; path = DebugView.swift; sourceTree = "<group>"; };
		A5923515F /* PrivacyInfo.xcprivacy */ = {isa = PBXFileReference; lastKnownFileType = text.xml; path = PrivacyInfo.xcprivacy; sourceTree = "<group>"; };
		A5923516F /* OnboardingView.swift */ = {isa = PBXFileReference; lastKnownFileType = sourcecode.swift; path = OnboardingView.swift; sourceTree = "<group>"; };
		A5923517F /* SettingsView.swift */ = {isa = PBXFileReference; lastKnownFileType = sourcecode.swift; path = SettingsView.swift; sourceTree = "<group>"; };
		A5923518F /* SyncDebugView.swift */ = {isa = PBXFileReference; lastKnownFileType = sourcecode.swift; path = SyncDebugView.swift; sourceTree = "<group>"; };
		A5923521F /* Assets.xcassets */ = {isa = PBXFileReference; lastKnownFileType = folder.assetcatalog; path = Assets.xcassets; sourceTree = "<group>"; };
		A5923A01 /* ShuttlXTheme.swift */ = {isa = PBXFileReference; lastKnownFileType = sourcecode.swift; path = ShuttlXTheme.swift; sourceTree = "<group>"; };
		A5923A02 /* MetricCard.swift */ = {isa = PBXFileReference; lastKnownFileType = sourcecode.swift; path = MetricCard.swift; sourceTree = "<group>"; };
		A5923A03 /* ActivityBadge.swift */ = {isa = PBXFileReference; lastKnownFileType = sourcecode.swift; path = ActivityBadge.swift; sourceTree = "<group>"; };
		A5923A04 /* StreakBadge.swift */ = {isa = PBXFileReference; lastKnownFileType = sourcecode.swift; path = StreakBadge.swift; sourceTree = "<group>"; };
		A5923A05 /* FormattingUtils.swift */ = {isa = PBXFileReference; lastKnownFileType = sourcecode.swift; path = FormattingUtils.swift; sourceTree = "<group>"; };
		A5923D01 /* DashboardView.swift */ = {isa = PBXFileReference; lastKnownFileType = sourcecode.swift; path = DashboardView.swift; sourceTree = "<group>"; };
		A5923D02 /* LiveWorkoutCard.swift */ = {isa = PBXFileReference; lastKnownFileType = sourcecode.swift; path = LiveWorkoutCard.swift; sourceTree = "<group>"; };
		A5923D03 /* StartOnWatchCard.swift */ = {isa = PBXFileReference; lastKnownFileType = sourcecode.swift; path = StartOnWatchCard.swift; sourceTree = "<group>"; };
		A5923D04 /* LastWorkoutCard.swift */ = {isa = PBXFileReference; lastKnownFileType = sourcecode.swift; path = LastWorkoutCard.swift; sourceTree = "<group>"; };
		A5923D05 /* WeekSummaryCard.swift */ = {isa = PBXFileReference; lastKnownFileType = sourcecode.swift; path = WeekSummaryCard.swift; sourceTree = "<group>"; };
		B5923001 /* ChartData.swift */ = {isa = PBXFileReference; lastKnownFileType = sourcecode.swift; path = ChartData.swift; sourceTree = "<group>"; };
		B5923002 /* WeeklyDistanceChart.swift */ = {isa = PBXFileReference; lastKnownFileType = sourcecode.swift; path = WeeklyDistanceChart.swift; sourceTree = "<group>"; };
		B5923003 /* PaceTrendChart.swift */ = {isa = PBXFileReference; lastKnownFileType = sourcecode.swift; path = PaceTrendChart.swift; sourceTree = "<group>"; };
		B5923004 /* HRZoneChart.swift */ = {isa = PBXFileReference; lastKnownFileType = sourcecode.swift; path = HRZoneChart.swift; sourceTree = "<group>"; };
		B5923005 /* WeekStripView.swift */ = {isa = PBXFileReference; lastKnownFileType = sourcecode.swift; path = WeekStripView.swift; sourceTree = "<group>"; };
		C5923001 /* RoutePoint.swift */ = {isa = PBXFileReference; lastKnownFileType = sourcecode.swift; path = RoutePoint.swift; sourceTree = "<group>"; };
		C5923002 /* RouteMapView.swift */ = {isa = PBXFileReference; lastKnownFileType = sourcecode.swift; path = RouteMapView.swift; sourceTree = "<group>"; };
		LA000001 /* ShuttlXLiveActivityBundle.swift */ = {isa = PBXFileReference; lastKnownFileType = sourcecode.swift; path = ShuttlXLiveActivityBundle.swift; sourceTree = "<group>"; };
		LA000002 /* ShuttlXLiveActivity.swift */ = {isa = PBXFileReference; lastKnownFileType = sourcecode.swift; path = ShuttlXLiveActivity.swift; sourceTree = "<group>"; };
		LA000003 /* LockScreenView.swift */ = {isa = PBXFileReference; lastKnownFileType = sourcecode.swift; path = LockScreenView.swift; sourceTree = "<group>"; };
		LA000004 /* WorkoutActivityAttributes.swift */ = {isa = PBXFileReference; lastKnownFileType = sourcecode.swift; path = WorkoutActivityAttributes.swift; sourceTree = "<group>"; };
		LA000005 /* LiveActivityManager.swift */ = {isa = PBXFileReference; lastKnownFileType = sourcecode.swift; path = LiveActivityManager.swift; sourceTree = "<group>"; };
		LA000006 /* ShuttlXLiveActivity.appex */ = {isa = PBXFileReference; explicitFileType = "wrapper.app-extension"; includeInIndex = 0; path = ShuttlXLiveActivity.appex; sourceTree = BUILT_PRODUCTS_DIR; };
/* End PBXFileReference section */

/* Begin PBXFileSystemSynchronizedBuildFileExceptionSet section */
		A56D91222E09470F00E19F06 /* Exceptions for "ShuttlX Watch App" folder in "ShuttlX Watch App" target */ = {
			isa = PBXFileSystemSynchronizedBuildFileExceptionSet;
			membershipExceptions = (
				Info.plist,
			);
			target = A56D91072E0940ED00E19F06 /* ShuttlX Watch App */;
		};
/* End PBXFileSystemSynchronizedBuildFileExceptionSet section */

/* Begin PBXFileSystemSynchronizedRootGroup section */
		A56D91092E0940ED00E19F06 /* ShuttlX Watch App */ = {
			isa = PBXFileSystemSynchronizedRootGroup;
			exceptions = (
				A56D91222E09470F00E19F06 /* Exceptions for "ShuttlX Watch App" folder in "ShuttlX Watch App" target */,
			);
			path = "ShuttlX Watch App";
			sourceTree = "<group>";
		};
/* End PBXFileSystemSynchronizedRootGroup section */

/* Begin PBXFrameworksBuildPhase section */
		A56D91052E0940ED00E19F06 /* Frameworks */ = {
			isa = PBXFrameworksBuildPhase;
			buildActionMask = 2147483647;
			files = (
			);
			runOnlyForDeploymentPostprocessing = 0;
		};
		A59234DB /* Frameworks */ = {
			isa = PBXFrameworksBuildPhase;
			buildActionMask = 2147483647;
			files = (
			);
			runOnlyForDeploymentPostprocessing = 0;
		};
		LA000031 /* Frameworks */ = {
			isa = PBXFrameworksBuildPhase;
			buildActionMask = 2147483647;
			files = (
			);
			runOnlyForDeploymentPostprocessing = 0;
		};
/* End PBXFrameworksBuildPhase section */

/* Begin PBXGroup section */
		A59234D5 = {
			isa = PBXGroup;
			children = (
				A59234E0 /* ShuttlX */,
				A56D91092E0940ED00E19F06 /* ShuttlX Watch App */,
				LA000020 /* ShuttlXLiveActivity */,
				A59234DF /* Products */,
			);
			sourceTree = "<group>";
		};
		A59234DF /* Products */ = {
			isa = PBXGroup;
			children = (
				A59234DE /* ShuttlX.app */,
				A56D91082E0940ED00E19F06 /* ShuttlX Watch App.app */,
				LA000006 /* ShuttlXLiveActivity.appex */,
			);
			name = Products;
			sourceTree = "<group>";
		};
		A59234E0 /* ShuttlX */ = {
			isa = PBXGroup;
			children = (
				A5923507 /* ShuttlXApp.swift */,
				A5923508 /* ContentView.swift */,
				A5923509 /* Info.plist */,
				A592350A /* ShuttlX.entitlements */,
				A5923515F /* PrivacyInfo.xcprivacy */,
				A5923521F /* Assets.xcassets */,
				A5923600 /* Services */,
				A5923700 /* Models */,
				A5923800 /* Views */,
				A5923900 /* ViewModels */,
				A5923C01 /* Theme */,
				A5923C02 /* Components */,
				A5923C03 /* Utilities */,
			);
			path = ShuttlX;
			sourceTree = "<group>";
		};
		A5923600 /* Services */ = {
			isa = PBXGroup;
			children = (
				A5923507F /* DataManager.swift */,
				A5923508F /* SharedDataManager.swift */,
				LA000005 /* LiveActivityManager.swift */,
			);
			path = Services;
			sourceTree = "<group>";
		};
		A5923700 /* Models */ = {
			isa = PBXGroup;
			children = (
				A5923505F /* TrainingSession.swift */,
				A5923530F /* ActivitySegment.swift */,
				B5923001 /* ChartData.swift */,
				C5923001 /* RoutePoint.swift */,
				LA000004 /* WorkoutActivityAttributes.swift */,
			);
			path = Models;
			sourceTree = "<group>";
		};
		A5923800 /* Views */ = {
			isa = PBXGroup;
			children = (
				A5923510F /* TrainingHistoryView.swift */,
				A5923511F /* SessionRowView.swift */,
				A5923512F /* ProgramListView.swift */,
				A5923531F /* SessionDetailView.swift */,
				A5923514F /* DebugView.swift */,
				A5923516F /* OnboardingView.swift */,
				A5923517F /* SettingsView.swift */,
				A5923518F /* SyncDebugView.swift */,
				A5923D01 /* DashboardView.swift */,
				C5923002 /* RouteMapView.swift */,
				A5923D10 /* Dashboard */,
				B5923020 /* Charts */,
			);
			path = Views;
			sourceTree = "<group>";
		};
		B5923020 /* Charts */ = {
			isa = PBXGroup;
			children = (
				B5923002 /* WeeklyDistanceChart.swift */,
				B5923003 /* PaceTrendChart.swift */,
				B5923004 /* HRZoneChart.swift */,
				B5923005 /* WeekStripView.swift */,
			);
			path = Charts;
			sourceTree = "<group>";
		};
		A5923D10 /* Dashboard */ = {
			isa = PBXGroup;
			children = (
				A5923D02 /* LiveWorkoutCard.swift */,
				A5923D03 /* StartOnWatchCard.swift */,
				A5923D04 /* LastWorkoutCard.swift */,
				A5923D05 /* WeekSummaryCard.swift */,
			);
			path = Dashboard;
			sourceTree = "<group>";
		};
		A5923900 /* ViewModels */ = {
			isa = PBXGroup;
			children = (
			);
			path = ViewModels;
			sourceTree = "<group>";
		};
		A5923C01 /* Theme */ = {
			isa = PBXGroup;
			children = (
				A5923A01 /* ShuttlXTheme.swift */,
			);
			path = Theme;
			sourceTree = "<group>";
		};
		A5923C02 /* Components */ = {
			isa = PBXGroup;
			children = (
				A5923A02 /* MetricCard.swift */,
				A5923A03 /* ActivityBadge.swift */,
				A5923A04 /* StreakBadge.swift */,
			);
			path = Components;
			sourceTree = "<group>";
		};
		A5923C03 /* Utilities */ = {
			isa = PBXGroup;
			children = (
				A5923A05 /* FormattingUtils.swift */,
			);
			path = Utilities;
			sourceTree = "<group>";
		};
		LA000020 /* ShuttlXLiveActivity */ = {
			isa = PBXGroup;
			children = (
				LA000001 /* ShuttlXLiveActivityBundle.swift */,
				LA000002 /* ShuttlXLiveActivity.swift */,
				LA000003 /* LockScreenView.swift */,
			);
			path = ShuttlXLiveActivity;
			sourceTree = "<group>";
		};
/* End PBXGroup section */

/* Begin PBXNativeTarget section */
		A56D91072E0940ED00E19F06 /* ShuttlX Watch App */ = {
			isa = PBXNativeTarget;
			buildConfigurationList = A56D91132E0940EF00E19F06 /* Build configuration list for PBXNativeTarget "ShuttlX Watch App" */;
			buildPhases = (
				A56D91042E0940ED00E19F06 /* Sources */,
				A56D91052E0940ED00E19F06 /* Frameworks */,
				A56D91062E0940ED00E19F06 /* Resources */,
			);
			buildRules = (
			);
			dependencies = (
			);
			fileSystemSynchronizedGroups = (
				A56D91092E0940ED00E19F06 /* ShuttlX Watch App */,
			);
			name = "ShuttlX Watch App";
			packageProductDependencies = (
			);
			productName = "ShuttlX Watch App";
			productReference = A56D91082E0940ED00E19F06 /* ShuttlX Watch App.app */;
			productType = "com.apple.product-type.application";
		};
		A59234DD /* ShuttlX */ = {
			isa = PBXNativeTarget;
			buildConfigurationList = A59234FE /* Build configuration list for PBXNativeTarget "ShuttlX" */;
			buildPhases = (
				A59234DA /* Sources */,
				A59234DB /* Frameworks */,
				A59234DC /* Resources */,
				A56D91162E0940EF00E19F06 /* Embed Watch Content */,
				LA000070 /* Embed PlugIns */,
			);
			buildRules = (
			);
			dependencies = (
				A56D91112E0940EF00E19F06 /* PBXTargetDependency */,
				LA000061 /* PBXTargetDependency */,
			);
			name = ShuttlX;
			productName = ShuttlX;
			productReference = A59234DE /* ShuttlX.app */;
			productType = "com.apple.product-type.application";
		};
		LA000050 /* ShuttlXLiveActivity */ = {
			isa = PBXNativeTarget;
			buildConfigurationList = LA000042 /* Build configuration list for PBXNativeTarget "ShuttlXLiveActivity" */;
			buildPhases = (
				LA000030 /* Sources */,
				LA000031 /* Frameworks */,
				LA000032 /* Resources */,
			);
			buildRules = (
			);
			dependencies = (
			);
			name = ShuttlXLiveActivity;
			productName = ShuttlXLiveActivity;
			productReference = LA000006 /* ShuttlXLiveActivity.appex */;
			productType = "com.apple.product-type.app-extension";
		};
/* End PBXNativeTarget section */

/* Begin PBXProject section */
		A59234D6 /* Project object */ = {
			isa = PBXProject;
			attributes = {
				BuildIndependentTargetsInParallel = 1;
				LastSwiftUpdateCheck = 1640;
				LastUpgradeCheck = 1600;
				TargetAttributes = {
					A56D91072E0940ED00E19F06 = {
						CreatedOnToolsVersion = 16.4;
					};
					A59234DD = {
						CreatedOnToolsVersion = 16.0;
					};
					LA000050 = {
						CreatedOnToolsVersion = 16.4;
					};
				};
			};
			buildConfigurationList = A59234D9 /* Build configuration list for PBXProject "ShuttlX" */;
			developmentRegion = en;
			hasScannedForEncodings = 0;
			knownRegions = (
				en,
				Base,
			);
			mainGroup = A59234D5;
			minimizedProjectReferenceProxies = 1;
			preferredProjectObjectVersion = 77;
			productRefGroup = A59234DF /* Products */;
			projectDirPath = "";
			projectRoot = "";
			targets = (
				A59234DD /* ShuttlX */,
				A56D91072E0940ED00E19F06 /* ShuttlX Watch App */,
				LA000050 /* ShuttlXLiveActivity */,
			);
		};
/* End PBXProject section */

/* Begin PBXResourcesBuildPhase section */
		A56D91062E0940ED00E19F06 /* Resources */ = {
			isa = PBXResourcesBuildPhase;
			buildActionMask = 2147483647;
			files = (
			);
			runOnlyForDeploymentPostprocessing = 0;
		};
		A59234DC /* Resources */ = {
			isa = PBXResourcesBuildPhase;
			buildActionMask = 2147483647;
			files = (
				A5923515B /* PrivacyInfo.xcprivacy in Resources */,
				A5923521B /* Assets.xcassets in Resources */,
			);
			runOnlyForDeploymentPostprocessing = 0;
		};
		LA000032 /* Resources */ = {
			isa = PBXResourcesBuildPhase;
			buildActionMask = 2147483647;
			files = (
			);
			runOnlyForDeploymentPostprocessing = 0;
		};
/* End PBXResourcesBuildPhase section */

/* Begin PBXSourcesBuildPhase section */
		A56D91042E0940ED00E19F06 /* Sources */ = {
			isa = PBXSourcesBuildPhase;
			buildActionMask = 2147483647;
			files = (
			);
			runOnlyForDeploymentPostprocessing = 0;
		};
		A59234DA /* Sources */ = {
			isa = PBXSourcesBuildPhase;
			buildActionMask = 2147483647;
			files = (
				A5923502 /* ContentView.swift in Sources */,
				A5923503 /* ShuttlXApp.swift in Sources */,
				A5923505 /* TrainingSession.swift in Sources */,
				A5923530 /* ActivitySegment.swift in Sources */,
				A5923507B /* DataManager.swift in Sources */,
				A5923508B /* SharedDataManager.swift in Sources */,
				A5923531 /* SessionDetailView.swift in Sources */,
				A5923510B /* TrainingHistoryView.swift in Sources */,
				A5923511B /* SessionRowView.swift in Sources */,
				A5923512B /* ProgramListView.swift in Sources */,
				A5923514B /* DebugView.swift in Sources */,
				A5923516B /* OnboardingView.swift in Sources */,
				A5923517B /* SettingsView.swift in Sources */,
				A5923518B /* SyncDebugView.swift in Sources */,
				A5923B01 /* ShuttlXTheme.swift in Sources */,
				A5923B02 /* MetricCard.swift in Sources */,
				A5923B03 /* ActivityBadge.swift in Sources */,
				A5923B04 /* StreakBadge.swift in Sources */,
				A5923B05 /* FormattingUtils.swift in Sources */,
				A5923E01 /* DashboardView.swift in Sources */,
				A5923E02 /* LiveWorkoutCard.swift in Sources */,
				A5923E03 /* StartOnWatchCard.swift in Sources */,
				A5923E04 /* LastWorkoutCard.swift in Sources */,
				A5923E05 /* WeekSummaryCard.swift in Sources */,
				B5923011 /* ChartData.swift in Sources */,
				B5923012 /* WeeklyDistanceChart.swift in Sources */,
				B5923013 /* PaceTrendChart.swift in Sources */,
				B5923014 /* HRZoneChart.swift in Sources */,
				B5923015 /* WeekStripView.swift in Sources */,
				C5923011 /* RoutePoint.swift in Sources */,
				C5923012 /* RouteMapView.swift in Sources */,
				LA000014 /* WorkoutActivityAttributes.swift in Sources */,
				LA000015 /* LiveActivityManager.swift in Sources */,
			);
			runOnlyForDeploymentPostprocessing = 0;
		};
		LA000030 /* Sources */ = {
			isa = PBXSourcesBuildPhase;
			buildActionMask = 2147483647;
			files = (
				LA000010 /* ShuttlXLiveActivityBundle.swift in Sources */,
				LA000011 /* ShuttlXLiveActivity.swift in Sources */,
				LA000012 /* LockScreenView.swift in Sources */,
				LA000013 /* WorkoutActivityAttributes.swift in Sources */,
			);
			runOnlyForDeploymentPostprocessing = 0;
		};
/* End PBXSourcesBuildPhase section */

/* Begin PBXTargetDependency section */
		A56D91112E0940EF00E19F06 /* PBXTargetDependency */ = {
			isa = PBXTargetDependency;
			target = A56D91072E0940ED00E19F06 /* ShuttlX Watch App */;
			targetProxy = A56D91102E0940EF00E19F06 /* PBXContainerItemProxy */;
		};
		LA000061 /* PBXTargetDependency */ = {
			isa = PBXTargetDependency;
			target = LA000050 /* ShuttlXLiveActivity */;
			targetProxy = LA000060 /* PBXContainerItemProxy */;
		};
/* End PBXTargetDependency section */

/* Begin XCBuildConfiguration section */
		A56D91142E0940EF00E19F06 /* Debug */ = {
			isa = XCBuildConfiguration;
			buildSettings = {
				ASSETCATALOG_COMPILER_APPICON_NAME = AppIcon;
				ASSETCATALOG_COMPILER_GLOBAL_ACCENT_COLOR_NAME = AccentColor;
				CODE_SIGN_ENTITLEMENTS = "ShuttlX Watch App/ShuttlX Watch App.entitlements";
				CODE_SIGN_STYLE = Automatic;
				CURRENT_PROJECT_VERSION = 1;
				DEVELOPMENT_TEAM = 83HPSY452Y;
				ENABLE_PREVIEWS = YES;
				GENERATE_INFOPLIST_FILE = YES;
				INFOPLIST_FILE = "ShuttlX Watch App/Info.plist";
				INFOPLIST_KEY_CFBundleDisplayName = ShuttlX;
				INFOPLIST_KEY_NSHealthShareUsageDescription = "This app needs access to read your workout data to track your training progress.";
				INFOPLIST_KEY_NSHealthUpdateUsageDescription = "This app needs access to save your workout data to track your training progress.";
				INFOPLIST_KEY_UISupportedInterfaceOrientations = "UIInterfaceOrientationPortrait UIInterfaceOrientationPortraitUpsideDown";
				INFOPLIST_KEY_WKCompanionAppBundleIdentifier = com.shuttlx.ShuttlX;
				LD_RUNPATH_SEARCH_PATHS = (
					"$(inherited)",
					"@executable_path/Frameworks",
				);
				MARKETING_VERSION = 1.1.0;
				PRODUCT_BUNDLE_IDENTIFIER = com.shuttlx.ShuttlX.watchkitapp;
				PRODUCT_NAME = "$(TARGET_NAME)";
				SDKROOT = watchos;
				SKIP_INSTALL = YES;
				SWIFT_EMIT_LOC_STRINGS = YES;
				SWIFT_VERSION = 5.0;
				TARGETED_DEVICE_FAMILY = 4;
				WATCHOS_DEPLOYMENT_TARGET = 11.5;
			};
			name = Debug;
		};
		A56D91152E0940EF00E19F06 /* Release */ = {
			isa = XCBuildConfiguration;
			buildSettings = {
				ASSETCATALOG_COMPILER_APPICON_NAME = AppIcon;
				ASSETCATALOG_COMPILER_GLOBAL_ACCENT_COLOR_NAME = AccentColor;
				CODE_SIGN_ENTITLEMENTS = "ShuttlX Watch App/ShuttlX Watch App.entitlements";
				CODE_SIGN_STYLE = Automatic;
				CURRENT_PROJECT_VERSION = 1;
				DEVELOPMENT_TEAM = 83HPSY452Y;
				ENABLE_PREVIEWS = YES;
				GENERATE_INFOPLIST_FILE = YES;
				INFOPLIST_FILE = "ShuttlX Watch App/Info.plist";
				INFOPLIST_KEY_CFBundleDisplayName = ShuttlX;
				INFOPLIST_KEY_NSHealthShareUsageDescription = "This app needs access to read your workout data to track your training progress.";
				INFOPLIST_KEY_NSHealthUpdateUsageDescription = "This app needs access to save your workout data to track your training progress.";
				INFOPLIST_KEY_UISupportedInterfaceOrientations = "UIInterfaceOrientationPortrait UIInterfaceOrientationPortraitUpsideDown";
				INFOPLIST_KEY_WKCompanionAppBundleIdentifier = com.shuttlx.ShuttlX;
				LD_RUNPATH_SEARCH_PATHS = (
					"$(inherited)",
					"@executable_path/Frameworks",
				);
				MARKETING_VERSION = 1.1.0;
				PRODUCT_BUNDLE_IDENTIFIER = com.shuttlx.ShuttlX.watchkitapp;
				PRODUCT_NAME = "$(TARGET_NAME)";
				SDKROOT = watchos;
				SKIP_INSTALL = YES;
				SWIFT_EMIT_LOC_STRINGS = YES;
				SWIFT_VERSION = 5.0;
				TARGETED_DEVICE_FAMILY = 4;
				WATCHOS_DEPLOYMENT_TARGET = 11.5;
			};
			name = Release;
		};
		A59234FC /* Debug */ = {
			isa = XCBuildConfiguration;
			buildSettings = {
				ALWAYS_SEARCH_USER_PATHS = NO;
				ASSETCATALOG_COMPILER_GENERATE_SWIFT_ASSET_SYMBOL_EXTENSIONS = YES;
				CLANG_ANALYZER_NONNULL = YES;
				CLANG_ANALYZER_NUMBER_OBJECT_CONVERSION = YES_AGGRESSIVE;
				CLANG_CXX_LANGUAGE_STANDARD = "gnu++20";
				CLANG_ENABLE_MODULES = YES;
				CLANG_ENABLE_OBJC_ARC = YES;
				CLANG_ENABLE_OBJC_WEAK = YES;
				CLANG_WARN_BLOCK_CAPTURE_AUTORELEASING = YES;
				CLANG_WARN_BOOL_CONVERSION = YES;
				CLANG_WARN_COMMA = YES;
				CLANG_WARN_CONSTANT_CONVERSION = YES;
				CLANG_WARN_DEPRECATED_OBJC_IMPLEMENTATIONS = YES;
				CLANG_WARN_DIRECT_OBJC_ISA_USAGE = YES_ERROR;
				CLANG_WARN_DOCUMENTATION_COMMENTS = YES;
				CLANG_WARN_EMPTY_BODY = YES;
				CLANG_WARN_ENUM_CONVERSION = YES;
				CLANG_WARN_INFINITE_RECURSION = YES;
				CLANG_WARN_INT_CONVERSION = YES;
				CLANG_WARN_NON_LITERAL_NULL_CONVERSION = YES;
				CLANG_WARN_OBJC_IMPLICIT_RETAIN_SELF = YES;
				CLANG_WARN_OBJC_LITERAL_CONVERSION = YES;
				CLANG_WARN_OBJC_ROOT_CLASS = YES_ERROR;
				CLANG_WARN_QUOTED_INCLUDE_IN_FRAMEWORK_HEADER = YES;
				CLANG_WARN_RANGE_LOOP_ANALYSIS = YES;
				CLANG_WARN_STRICT_PROTOTYPES = YES;
				CLANG_WARN_SUSPICIOUS_MOVE = YES;
				CLANG_WARN_UNGUARDED_AVAILABILITY = YES_AGGRESSIVE;
				CLANG_WARN_UNREACHABLE_CODE = YES;
				CLANG_WARN__DUPLICATE_METHOD_MATCH = YES;
				COPY_PHASE_STRIP = NO;
				DEBUG_INFORMATION_FORMAT = dwarf;
				ENABLE_STRICT_OBJC_MSGSEND = YES;
				ENABLE_TESTABILITY = YES;
				ENABLE_USER_SCRIPT_SANDBOXING = YES;
				GCC_C_LANGUAGE_STANDARD = gnu17;
				GCC_DYNAMIC_NO_PIC = NO;
				GCC_NO_COMMON_BLOCKS = YES;
				GCC_OPTIMIZATION_LEVEL = 0;
				GCC_PREPROCESSOR_DEFINITIONS = (
					"DEBUG=1",
					"$(inherited)",
				);
				GCC_WARN_64_TO_32_BIT_CONVERSION = YES;
				GCC_WARN_ABOUT_RETURN_TYPE = YES_ERROR;
				GCC_WARN_UNDECLARED_SELECTOR = YES;
				GCC_WARN_UNINITIALIZED_AUTOS = YES_AGGRESSIVE;
				GCC_WARN_UNUSED_FUNCTION = YES;
				GCC_WARN_UNUSED_VARIABLE = YES;
				IPHONEOS_DEPLOYMENT_TARGET = 17.0;
				LOCALIZATION_PREFERS_STRING_CATALOGS = YES;
				MTL_ENABLE_DEBUG_INFO = INCLUDE_SOURCE;
				MTL_FAST_MATH = YES;
				ONLY_ACTIVE_ARCH = YES;
				SDKROOT = iphoneos;
				SWIFT_ACTIVE_COMPILATION_CONDITIONS = "DEBUG $(inherited)";
				SWIFT_OPTIMIZATION_LEVEL = "-Onone";
			};
			name = Debug;
		};
		A59234FD /* Release */ = {
			isa = XCBuildConfiguration;
			buildSettings = {
				ALWAYS_SEARCH_USER_PATHS = NO;
				ASSETCATALOG_COMPILER_GENERATE_SWIFT_ASSET_SYMBOL_EXTENSIONS = YES;
				CLANG_ANALYZER_NONNULL = YES;
				CLANG_ANALYZER_NUMBER_OBJECT_CONVERSION = YES_AGGRESSIVE;
				CLANG_CXX_LANGUAGE_STANDARD = "gnu++20";
				CLANG_ENABLE_MODULES = YES;
				CLANG_ENABLE_OBJC_ARC = YES;
				CLANG_ENABLE_OBJC_WEAK = YES;
				CLANG_WARN_BLOCK_CAPTURE_AUTORELEASING = YES;
				CLANG_WARN_BOOL_CONVERSION = YES;
				CLANG_WARN_COMMA = YES;
				CLANG_WARN_CONSTANT_CONVERSION = YES;
				CLANG_WARN_DEPRECATED_OBJC_IMPLEMENTATIONS = YES;
				CLANG_WARN_DIRECT_OBJC_ISA_USAGE = YES_ERROR;
				CLANG_WARN_DOCUMENTATION_COMMENTS = YES;
				CLANG_WARN_EMPTY_BODY = YES;
				CLANG_WARN_ENUM_CONVERSION = YES;
				CLANG_WARN_INFINITE_RECURSION = YES;
				CLANG_WARN_INT_CONVERSION = YES;
				CLANG_WARN_NON_LITERAL_NULL_CONVERSION = YES;
				CLANG_WARN_OBJC_IMPLICIT_RETAIN_SELF = YES;
				CLANG_WARN_OBJC_LITERAL_CONVERSION = YES;
				CLANG_WARN_OBJC_ROOT_CLASS = YES_ERROR;
				CLANG_WARN_QUOTED_INCLUDE_IN_FRAMEWORK_HEADER = YES;
				CLANG_WARN_RANGE_LOOP_ANALYSIS = YES;
				CLANG_WARN_STRICT_PROTOTYPES = YES;
				CLANG_WARN_SUSPICIOUS_MOVE = YES;
				CLANG_WARN_UNGUARDED_AVAILABILITY = YES_AGGRESSIVE;
				CLANG_WARN_UNREACHABLE_CODE = YES;
				CLANG_WARN__DUPLICATE_METHOD_MATCH = YES;
				COPY_PHASE_STRIP = NO;
				DEBUG_INFORMATION_FORMAT = "dwarf-with-dsym";
				ENABLE_NS_ASSERTIONS = NO;
				ENABLE_STRICT_OBJC_MSGSEND = YES;
				ENABLE_USER_SCRIPT_SANDBOXING = YES;
				GCC_C_LANGUAGE_STANDARD = gnu17;
				GCC_NO_COMMON_BLOCKS = YES;
				GCC_WARN_64_TO_32_BIT_CONVERSION = YES;
				GCC_WARN_ABOUT_RETURN_TYPE = YES_ERROR;
				GCC_WARN_UNDECLARED_SELECTOR = YES;
				GCC_WARN_UNINITIALIZED_AUTOS = YES_AGGRESSIVE;
				GCC_WARN_UNUSED_FUNCTION = YES;
				GCC_WARN_UNUSED_VARIABLE = YES;
				IPHONEOS_DEPLOYMENT_TARGET = 17.0;
				LOCALIZATION_PREFERS_STRING_CATALOGS = YES;
				MTL_ENABLE_DEBUG_INFO = NO;
				MTL_FAST_MATH = YES;
				SDKROOT = iphoneos;
				SWIFT_COMPILATION_MODE = wholemodule;
				VALIDATE_PRODUCT = YES;
			};
			name = Release;
		};
		A59234FF /* Debug */ = {
			isa = XCBuildConfiguration;
			buildSettings = {
				ASSETCATALOG_COMPILER_APPICON_NAME = AppIcon;
				ASSETCATALOG_COMPILER_GLOBAL_ACCENT_COLOR_NAME = AccentColor;
				CODE_SIGN_ENTITLEMENTS = ShuttlX/ShuttlX.entitlements;
				CODE_SIGN_STYLE = Automatic;
				CURRENT_PROJECT_VERSION = 1;
				DEVELOPMENT_TEAM = 83HPSY452Y;
				ENABLE_PREVIEWS = YES;
				GENERATE_INFOPLIST_FILE = NO;
				INFOPLIST_FILE = ShuttlX/Info.plist;
				INFOPLIST_KEY_LSApplicationCategoryType = "public.app-category.sports";
				INFOPLIST_KEY_UIApplicationSceneManifest_Generation = YES;
				INFOPLIST_KEY_UIApplicationSupportsIndirectInputEvents = YES;
				INFOPLIST_KEY_UILaunchScreen_Generation = YES;
				INFOPLIST_KEY_UISupportedInterfaceOrientations_iPad = "UIInterfaceOrientationPortrait UIInterfaceOrientationPortraitUpsideDown UIInterfaceOrientationLandscapeLeft UIInterfaceOrientationLandscapeRight";
				INFOPLIST_KEY_UISupportedInterfaceOrientations_iPhone = "UIInterfaceOrientationPortrait UIInterfaceOrientationLandscapeLeft UIInterfaceOrientationLandscapeRight";
				IPHONEOS_DEPLOYMENT_TARGET = 18.0;
				LD_RUNPATH_SEARCH_PATHS = (
					"$(inherited)",
					"@executable_path/Frameworks",
				);
				MARKETING_VERSION = 1.1.0;
				PRODUCT_BUNDLE_IDENTIFIER = com.shuttlx.ShuttlX;
				PRODUCT_NAME = "$(TARGET_NAME)";
				SUPPORTED_PLATFORMS = "iphoneos iphonesimulator";
				SUPPORTS_MACCATALYST = NO;
				SUPPORTS_MAC_DESIGNED_FOR_IPHONE_IPAD = NO;
				SUPPORTS_XR_DESIGNED_FOR_IPHONE_IPAD = NO;
				SWIFT_EMIT_LOC_STRINGS = YES;
				SWIFT_VERSION = 5.0;
				TARGETED_DEVICE_FAMILY = "1,2";
			};
			name = Debug;
		};
		A5923510 /* Release */ = {
			isa = XCBuildConfiguration;
			buildSettings = {
				ASSETCATALOG_COMPILER_APPICON_NAME = AppIcon;
				ASSETCATALOG_COMPILER_GLOBAL_ACCENT_COLOR_NAME = AccentColor;
				CODE_SIGN_ENTITLEMENTS = ShuttlX/ShuttlX.entitlements;
				CODE_SIGN_STYLE = Automatic;
				CURRENT_PROJECT_VERSION = 1;
				DEVELOPMENT_TEAM = 83HPSY452Y;
				ENABLE_PREVIEWS = YES;
				GENERATE_INFOPLIST_FILE = NO;
				INFOPLIST_FILE = ShuttlX/Info.plist;
				INFOPLIST_KEY_LSApplicationCategoryType = "public.app-category.sports";
				INFOPLIST_KEY_UIApplicationSceneManifest_Generation = YES;
				INFOPLIST_KEY_UIApplicationSupportsIndirectInputEvents = YES;
				INFOPLIST_KEY_UILaunchScreen_Generation = YES;
				INFOPLIST_KEY_UISupportedInterfaceOrientations_iPad = "UIInterfaceOrientationPortrait UIInterfaceOrientationPortraitUpsideDown UIInterfaceOrientationLandscapeLeft UIInterfaceOrientationLandscapeRight";
				INFOPLIST_KEY_UISupportedInterfaceOrientations_iPhone = "UIInterfaceOrientationPortrait UIInterfaceOrientationLandscapeLeft UIInterfaceOrientationLandscapeRight";
				IPHONEOS_DEPLOYMENT_TARGET = 18.0;
				LD_RUNPATH_SEARCH_PATHS = (
					"$(inherited)",
					"@executable_path/Frameworks",
				);
				MARKETING_VERSION = 1.1.0;
				PRODUCT_BUNDLE_IDENTIFIER = com.shuttlx.ShuttlX;
				PRODUCT_NAME = "$(TARGET_NAME)";
				SUPPORTED_PLATFORMS = "iphoneos iphonesimulator";
				SUPPORTS_MACCATALYST = NO;
				SUPPORTS_MAC_DESIGNED_FOR_IPHONE_IPAD = NO;
				SUPPORTS_XR_DESIGNED_FOR_IPHONE_IPAD = NO;
				SWIFT_EMIT_LOC_STRINGS = YES;
				SWIFT_VERSION = 5.0;
				TARGETED_DEVICE_FAMILY = "1,2";
			};
			name = Release;
		};
		LA000040 /* Debug */ = {
			isa = XCBuildConfiguration;
			buildSettings = {
				CODE_SIGN_STYLE = Automatic;
				CURRENT_PROJECT_VERSION = 1;
				DEVELOPMENT_TEAM = 83HPSY452Y;
				GENERATE_INFOPLIST_FILE = YES;
				INFOPLIST_KEY_CFBundleDisplayName = "ShuttlX Live Activity";
				INFOPLIST_KEY_NSExtension_NSExtensionPointIdentifier = "com.apple.widgetkit-extension";
				IPHONEOS_DEPLOYMENT_TARGET = 18.0;
				LD_RUNPATH_SEARCH_PATHS = (
					"$(inherited)",
					"@executable_path/Frameworks",
					"@executable_path/../../Frameworks",
				);
				MARKETING_VERSION = 1.1.0;
				PRODUCT_BUNDLE_IDENTIFIER = com.shuttlx.ShuttlX.ShuttlXLiveActivity;
				PRODUCT_NAME = "$(TARGET_NAME)";
				SKIP_INSTALL = YES;
				SUPPORTED_PLATFORMS = "iphoneos iphonesimulator";
				SUPPORTS_MACCATALYST = NO;
				SUPPORTS_MAC_DESIGNED_FOR_IPHONE_IPAD = NO;
				SUPPORTS_XR_DESIGNED_FOR_IPHONE_IPAD = NO;
				SWIFT_EMIT_LOC_STRINGS = YES;
				SWIFT_VERSION = 5.0;
				TARGETED_DEVICE_FAMILY = "1,2";
			};
			name = Debug;
		};
		LA000041 /* Release */ = {
			isa = XCBuildConfiguration;
			buildSettings = {
				CODE_SIGN_STYLE = Automatic;
				CURRENT_PROJECT_VERSION = 1;
				DEVELOPMENT_TEAM = 83HPSY452Y;
				GENERATE_INFOPLIST_FILE = YES;
				INFOPLIST_KEY_CFBundleDisplayName = "ShuttlX Live Activity";
				INFOPLIST_KEY_NSExtension_NSExtensionPointIdentifier = "com.apple.widgetkit-extension";
				IPHONEOS_DEPLOYMENT_TARGET = 18.0;
				LD_RUNPATH_SEARCH_PATHS = (
					"$(inherited)",
					"@executable_path/Frameworks",
					"@executable_path/../../Frameworks",
				);
				MARKETING_VERSION = 1.1.0;
				PRODUCT_BUNDLE_IDENTIFIER = com.shuttlx.ShuttlX.ShuttlXLiveActivity;
				PRODUCT_NAME = "$(TARGET_NAME)";
				SKIP_INSTALL = YES;
				SUPPORTED_PLATFORMS = "iphoneos iphonesimulator";
				SUPPORTS_MACCATALYST = NO;
				SUPPORTS_MAC_DESIGNED_FOR_IPHONE_IPAD = NO;
				SUPPORTS_XR_DESIGNED_FOR_IPHONE_IPAD = NO;
				SWIFT_EMIT_LOC_STRINGS = YES;
				SWIFT_VERSION = 5.0;
				TARGETED_DEVICE_FAMILY = "1,2";
			};
			name = Release;
		};
/* End XCBuildConfiguration section */

/* Begin XCConfigurationList section */
		A56D91132E0940EF00E19F06 /* Build configuration list for PBXNativeTarget "ShuttlX Watch App" */ = {
			isa = XCConfigurationList;
			buildConfigurations = (
				A56D91142E0940EF00E19F06 /* Debug */,
				A56D91152E0940EF00E19F06 /* Release */,
			);
			defaultConfigurationIsVisible = 0;
			defaultConfigurationName = Release;
		};
		A59234D9 /* Build configuration list for PBXProject "ShuttlX" */ = {
			isa = XCConfigurationList;
			buildConfigurations = (
				A59234FC /* Debug */,
				A59234FD /* Release */,
			);
			defaultConfigurationIsVisible = 0;
			defaultConfigurationName = Release;
		};
		A59234FE /* Build configuration list for PBXNativeTarget "ShuttlX" */ = {
			isa = XCConfigurationList;
			buildConfigurations = (
				A59234FF /* Debug */,
				A5923510 /* Release */,
			);
			defaultConfigurationIsVisible = 0;
			defaultConfigurationName = Release;
		};
		LA000042 /* Build configuration list for PBXNativeTarget "ShuttlXLiveActivity" */ = {
			isa = XCConfigurationList;
			buildConfigurations = (
				LA000040 /* Debug */,
				LA000041 /* Release */,
			);
			defaultConfigurationIsVisible = 0;
			defaultConfigurationName = Release;
		};
/* End XCConfigurationList section */
	};
	rootObject = A59234D6 /* Project object */;
}
