{
  "originHash" : "e6e22af0403cefcc1f813abb47138e9a4643a2b1058ada0af2d2c1d88868a37d",
  "pins" : [
    {
      "identity" : "purchases-ios-spm",
      "kind" : "remoteSourceControl",
      "location" : "https://github.com/RevenueCat/purchases-ios-spm.git",
      "state" : {
        "revision" : "bd63241b2258ea519020eb32a349db44fb44b119",
        "version" : "5.68.0"
      }
    },
    {
      "identity" : "swiftsdk",
      "kind" : "remoteSourceControl",
      "location" : "https://github.com/TelemetryDeck/SwiftSDK.git",
      "state" : {
        "revision" : "d41d6e86265dc182ba4474f9ef53ecddbbe052b8",
        "version" : "2.12.0"
      }
    }
  ],
  "version" : 3
}
